{
  "name": "mjml-to-html",
  "version": "1.0.0",
  "lockfileVersion": 1,
  "requires": true,
  "dependencies": {
    "@babel/runtime": {
      "version": "7.14.6",
      "resolved": "https://registry.npmjs.org/@babel/runtime/-/runtime-7.14.6.tgz",
      "integrity": "sha512-/PCB2uJ7oM44tz8YhC4Z/6PeOKXp4K588f+5M3clr1M4zbqztlo0XEfJ2LEzj/FgwfgGcIdl8n7YYjTCI0BYwg==",
      "requires": {
        "regenerator-runtime": "^0.13.4"
      }
    },
    "abbrev": {
      "version": "1.1.1",
      "resolved": "https://registry.npmjs.org/abbrev/-/abbrev-1.1.1.tgz",
      "integrity": "sha512-nne9/IiQ/hzIhY6pdDnbBtz7DjPTKrY00P/zvPSm5pOFkl6xuGrGnXn/VtTNNfNtAfZ9/1RtehkszU9qcTii0Q=="
    },
    "ansi-colors": {
      "version": "4.1.1",
      "resolved": "https://registry.npmjs.org/ansi-colors/-/ansi-colors-4.1.1.tgz",
      "integrity": "sha512-JoX0apGbHaUJBNl6yF+p6JAFYZ666/hhCGKN5t9QFjbJQKUU/g8MNbFDbvfrgKXvI1QpZplPOnwIo99lX/AAmA=="
    },
    "ansi-regex": {
      "version": "5.0.0",
      "resolved": "https://registry.npmjs.org/ansi-regex/-/ansi-regex-5.0.0.tgz",
      "integrity": "sha512-bY6fj56OUQ0hU1KjFNDQuJFezqKdrAyFdIevADiqrWHwSlbmBNMHp5ak2f40Pm8JTFyM2mqxkG6ngkHO11f/lg=="
    },
    "ansi-styles": {
      "version": "4.3.0",
      "resolved": "https://registry.npmjs.org/ansi-styles/-/ansi-styles-4.3.0.tgz",
      "integrity": "sha512-zbB9rCJAT1rbjiVDb2hqKFHNYLxgtk8NURxZ3IZwD3F6NtxbXZQCnnSi1Lkx+IDohdPlFp222wVALIheZJQSEg==",
      "requires": {
        "color-convert": "^2.0.1"
      }
    },
    "anymatch": {
      "version": "3.1.2",
      "resolved": "https://registry.npmjs.org/anymatch/-/anymatch-3.1.2.tgz",
      "integrity": "sha512-P43ePfOAIupkguHUycrc4qJ9kz8ZiuOUijaETwX7THt0Y/GNK7v0aa8rY816xWjZ7rJdA5XdMcpVFTKMq+RvWg==",
      "requires": {
        "normalize-path": "^3.0.0",
        "picomatch": "^2.0.4"
      }
    },
    "balanced-match": {
      "version": "1.0.0",
      "resolved": "https://registry.npmjs.org/balanced-match/-/balanced-match-1.0.0.tgz",
      "integrity": "sha1-ibTRmasr7kneFk6gK4nORi1xt2c="
    },
    "binary-extensions": {
      "version": "2.2.0",
      "resolved": "https://registry.npmjs.org/binary-extensions/-/binary-extensions-2.2.0.tgz",
      "integrity": "sha512-jDctJ/IVQbZoJykoeHbhXpOlNBqGNcwXJKJog42E5HDPUwQTSdjCHdihjj0DlnheQ7blbT6dHOafNAiS8ooQKA=="
    },
    "boolbase": {
      "version": "1.0.0",
      "resolved": "https://registry.npmjs.org/boolbase/-/boolbase-1.0.0.tgz",
      "integrity": "sha1-aN/1++YMUes3cl6p4+0xDcwed24="
    },
    "brace-expansion": {
      "version": "1.1.11",
      "resolved": "https://registry.npmjs.org/brace-expansion/-/brace-expansion-1.1.11.tgz",
      "integrity": "sha512-iCuPHDFgrHX7H2vEI/5xpz07zSHB00TpugqhmYtVmMO6518mCuRMoOYFldEBl0g187ufozdaHgWKcYFb61qGiA==",
      "requires": {
        "balanced-match": "^1.0.0",
        "concat-map": "0.0.1"
      }
    },
    "braces": {
      "version": "3.0.2",
      "resolved": "https://registry.npmjs.org/braces/-/braces-3.0.2.tgz",
      "integrity": "sha512-b8um+L1RzM3WDSzvhm6gIz1yfTbBt6YTlcEKAvsmqCZZFw46z626lVj9j1yEPW33H5H+lBQpZMP1k8l+78Ha0A==",
      "requires": {
        "fill-range": "^7.0.1"
      }
    },
    "camel-case": {
      "version": "3.0.0",
      "resolved": "https://registry.npmjs.org/camel-case/-/camel-case-3.0.0.tgz",
      "integrity": "sha1-yjw2iKTpzzpM2nd9xNy8cTJJz3M=",
      "requires": {
        "no-case": "^2.2.0",
        "upper-case": "^1.1.1"
      }
    },
    "cheerio": {
      "version": "1.0.0-rc.10",
      "resolved": "https://registry.npmjs.org/cheerio/-/cheerio-1.0.0-rc.10.tgz",
      "integrity": "sha512-g0J0q/O6mW8z5zxQ3A8E8J1hUgp4SMOvEoW/x84OwyHKe/Zccz83PVT4y5Crcr530FV6NgmKI1qvGTKVl9XXVw==",
      "requires": {
        "cheerio-select": "^1.5.0",
        "dom-serializer": "^1.3.2",
        "domhandler": "^4.2.0",
        "htmlparser2": "^6.1.0",
        "parse5": "^6.0.1",
        "parse5-htmlparser2-tree-adapter": "^6.0.1",
        "tslib": "^2.2.0"
      }
    },
    "cheerio-select": {
      "version": "1.5.0",
      "resolved": "https://registry.npmjs.org/cheerio-select/-/cheerio-select-1.5.0.tgz",
      "integrity": "sha512-qocaHPv5ypefh6YNxvnbABM07KMxExbtbfuJoIie3iZXX1ERwYmJcIiRrr9H05ucQP1k28dav8rpdDgjQd8drg==",
      "requires": {
        "css-select": "^4.1.3",
        "css-what": "^5.0.1",
        "domelementtype": "^2.2.0",
        "domhandler": "^4.2.0",
        "domutils": "^2.7.0"
      }
    },
    "chokidar": {
      "version": "3.5.2",
      "resolved": "https://registry.npmjs.org/chokidar/-/chokidar-3.5.2.tgz",
      "integrity": "sha512-ekGhOnNVPgT77r4K/U3GDhu+FQ2S8TnK/s2KbIGXi0SZWuwkZ2QNyfWdZW+TVfn84DpEP7rLeCt2UI6bJ8GwbQ==",
      "requires": {
        "anymatch": "~3.1.2",
        "braces": "~3.0.2",
        "fsevents": "~2.3.2",
        "glob-parent": "~5.1.2",
        "is-binary-path": "~2.1.0",
        "is-glob": "~4.0.1",
        "normalize-path": "~3.0.0",
        "readdirp": "~3.6.0"
      }
    },
    "clean-css": {
      "version": "4.2.3",
      "resolved": "https://registry.npmjs.org/clean-css/-/clean-css-4.2.3.tgz",
      "integrity": "sha512-VcMWDN54ZN/DS+g58HYL5/n4Zrqe8vHJpGA8KdgUXFU4fuP/aHNw8eld9SyEIyabIMJX/0RaY/fplOo5hYLSFA==",
      "requires": {
        "source-map": "~0.6.0"
      }
    },
    "cliui": {
      "version": "7.0.4",
      "resolved": "https://registry.npmjs.org/cliui/-/cliui-7.0.4.tgz",
      "integrity": "sha512-OcRE68cOsVMXp1Yvonl/fzkQOyjLSu/8bhPDfQt0e0/Eb283TKP20Fs2MqoPsr9SwA595rRCA+QMzYc9nBP+JQ==",
      "requires": {
        "string-width": "^4.2.0",
        "strip-ansi": "^6.0.0",
        "wrap-ansi": "^7.0.0"
      }
    },
    "color-convert": {
      "version": "2.0.1",
      "resolved": "https://registry.npmjs.org/color-convert/-/color-convert-2.0.1.tgz",
      "integrity": "sha512-RRECPsj7iu/xb5oKYcsFHSppFNnsj/52OVTRKb4zP5onXwVF3zVmmToNcOfGC+CRDpfK/U584fMg38ZHCaElKQ==",
      "requires": {
        "color-name": "~1.1.4"
      }
    },
    "color-name": {
      "version": "1.1.4",
      "resolved": "https://registry.npmjs.org/color-name/-/color-name-1.1.4.tgz",
      "integrity": "sha512-dOy+3AuW3a2wNbZHIuMZpTcgjGuLU/uBL/ubcZF9OXbDo8ff4O8yVp5Bf0efS8uEoYo5q4Fx7dY9OgQGXgAsQA=="
    },
    "commander": {
      "version": "2.20.3",
      "resolved": "https://registry.npmjs.org/commander/-/commander-2.20.3.tgz",
      "integrity": "sha512-GpVkmM8vF2vQUkj2LvZmD35JxeJOLCwJ9cUkugyk2nuhbv3+mJvpLYYt+0+USMxE+oj+ey/lJEnhZw75x/OMcQ=="
    },
    "concat-map": {
      "version": "0.0.1",
      "resolved": "https://registry.npmjs.org/concat-map/-/concat-map-0.0.1.tgz",
      "integrity": "sha1-2Klr13/Wjfd5OnMDajug1UBdR3s="
    },
    "config-chain": {
      "version": "1.1.13",
      "resolved": "https://registry.npmjs.org/config-chain/-/config-chain-1.1.13.tgz",
      "integrity": "sha512-qj+f8APARXHrM0hraqXYb2/bOVSV4PvJQlNZ/DVj0QrmNM2q2euizkeuVckQ57J+W0mRH6Hvi+k50M4Jul2VRQ==",
      "requires": {
        "ini": "^1.3.4",
        "proto-list": "~1.2.1"
      }
    },
    "css-select": {
      "version": "4.1.3",
      "resolved": "https://registry.npmjs.org/css-select/-/css-select-4.1.3.tgz",
      "integrity": "sha512-gT3wBNd9Nj49rAbmtFHj1cljIAOLYSX1nZ8CB7TBO3INYckygm5B7LISU/szY//YmdiSLbJvDLOx9VnMVpMBxA==",
      "requires": {
        "boolbase": "^1.0.0",
        "css-what": "^5.0.0",
        "domhandler": "^4.2.0",
        "domutils": "^2.6.0",
        "nth-check": "^2.0.0"
      }
    },
    "css-what": {
      "version": "5.0.1",
      "resolved": "https://registry.npmjs.org/css-what/-/css-what-5.0.1.tgz",
      "integrity": "sha512-FYDTSHb/7KXsWICVsxdmiExPjCfRC4qRFBdVwv7Ax9hMnvMmEjP9RfxTEZ3qPZGmADDn2vAKSo9UcN1jKVYscg=="
    },
    "detect-node": {
      "version": "2.0.4",
      "resolved": "https://registry.npmjs.org/detect-node/-/detect-node-2.0.4.tgz",
      "integrity": "sha512-ZIzRpLJrOj7jjP2miAtgqIfmzbxa4ZOr5jJc601zklsfEx9oTzmmj2nVpIPRpNlRTIh8lc1kyViIY7BWSGNmKw=="
    },
    "dom-serializer": {
      "version": "1.3.2",
      "resolved": "https://registry.npmjs.org/dom-serializer/-/dom-serializer-1.3.2.tgz",
      "integrity": "sha512-5c54Bk5Dw4qAxNOI1pFEizPSjVsx5+bpJKmL2kPn8JhBUq2q09tTCa3mjijun2NfK78NMouDYNMBkOrPZiS+ig==",
      "requires": {
        "domelementtype": "^2.0.1",
        "domhandler": "^4.2.0",
        "entities": "^2.0.0"
      }
    },
    "domelementtype": {
      "version": "2.2.0",
      "resolved": "https://registry.npmjs.org/domelementtype/-/domelementtype-2.2.0.tgz",
      "integrity": "sha512-DtBMo82pv1dFtUmHyr48beiuq792Sxohr+8Hm9zoxklYPfa6n0Z3Byjj2IV7bmr2IyqClnqEQhfgHJJ5QF0R5A=="
    },
    "domhandler": {
      "version": "4.2.0",
      "resolved": "https://registry.npmjs.org/domhandler/-/domhandler-4.2.0.tgz",
      "integrity": "sha512-zk7sgt970kzPks2Bf+dwT/PLzghLnsivb9CcxkvR8Mzr66Olr0Ofd8neSbglHJHaHa2MadfoSdNlKYAaafmWfA==",
      "requires": {
        "domelementtype": "^2.2.0"
      }
    },
    "domutils": {
      "version": "2.7.0",
      "resolved": "https://registry.npmjs.org/domutils/-/domutils-2.7.0.tgz",
      "integrity": "sha512-8eaHa17IwJUPAiB+SoTYBo5mCdeMgdcAoXJ59m6DT1vw+5iLS3gNoqYaRowaBKtGVrOF1Jz4yDTgYKLK2kvfJg==",
      "requires": {
        "dom-serializer": "^1.0.1",
        "domelementtype": "^2.2.0",
        "domhandler": "^4.2.0"
      }
    },
    "editorconfig": {
      "version": "0.15.3",
      "resolved": "https://registry.npmjs.org/editorconfig/-/editorconfig-0.15.3.tgz",
      "integrity": "sha512-M9wIMFx96vq0R4F+gRpY3o2exzb8hEj/n9S8unZtHSvYjibBp/iMufSzvmOcV/laG0ZtuTVGtiJggPOSW2r93g==",
      "requires": {
        "commander": "^2.19.0",
        "lru-cache": "^4.1.5",
        "semver": "^5.6.0",
        "sigmund": "^1.0.1"
      }
    },
    "emoji-regex": {
      "version": "8.0.0",
      "resolved": "https://registry.npmjs.org/emoji-regex/-/emoji-regex-8.0.0.tgz",
      "integrity": "sha512-MSjYzcWNOA0ewAHpz0MxpYFvwg6yjy1NG3xteoqz644VCo/RPgnr1/GGt+ic3iJTzQ8Eu3TdM14SawnVUmGE6A=="
    },
    "entities": {
      "version": "2.2.0",
      "resolved": "https://registry.npmjs.org/entities/-/entities-2.2.0.tgz",
      "integrity": "sha512-p92if5Nz619I0w+akJrLZH0MX0Pb5DX39XOwQTtXSdQQOaYH03S1uIQp4mhOZtAXrxq4ViO67YTiLBo2638o9A=="
    },
    "escalade": {
      "version": "3.1.1",
      "resolved": "https://registry.npmjs.org/escalade/-/escalade-3.1.1.tgz",
      "integrity": "sha512-k0er2gUkLf8O0zKJiAhmkTnJlTvINGv7ygDNPbeIsX/TJjGJZHuh9B2UxbsaEkmlEo9MfhrSzmhIlhRlI2GXnw=="
    },
    "escape-goat": {
      "version": "3.0.0",
      "resolved": "https://registry.npmjs.org/escape-goat/-/escape-goat-3.0.0.tgz",
      "integrity": "sha512-w3PwNZJwRxlp47QGzhuEBldEqVHHhh8/tIPcl6ecf2Bou99cdAt0knihBV0Ecc7CGxYduXVBDheH1K2oADRlvw=="
    },
    "fill-range": {
      "version": "7.0.1",
      "resolved": "https://registry.npmjs.org/fill-range/-/fill-range-7.0.1.tgz",
      "integrity": "sha512-qOo9F+dMUmC2Lcb4BbVvnKJxTPjCm+RRpe4gDuGrzkL7mEVl/djYSu2OdQ2Pa302N4oqkSg9ir6jaLWJ2USVpQ==",
      "requires": {
        "to-regex-range": "^5.0.1"
      }
    },
    "fs.realpath": {
      "version": "1.0.0",
      "resolved": "https://registry.npmjs.org/fs.realpath/-/fs.realpath-1.0.0.tgz",
      "integrity": "sha1-FQStJSMVjKpA20onh8sBQRmU6k8="
    },
    "fsevents": {
      "version": "2.3.2",
      "resolved": "https://registry.npmjs.org/fsevents/-/fsevents-2.3.2.tgz",
      "integrity": "sha512-xiqMQR4xAeHTuB9uWm+fFRcIOgKBMiOBP+eXiyT7jsgVCq1bkVygt00oASowB7EdtpOHaaPgKt812P9ab+DDKA==",
      "optional": true
    },
    "get-caller-file": {
      "version": "2.0.5",
      "resolved": "https://registry.npmjs.org/get-caller-file/-/get-caller-file-2.0.5.tgz",
      "integrity": "sha512-DyFP3BM/3YHTQOCUL/w0OZHR0lpKeGrxotcHWcqNEdnltqFwXVfhEBQ94eIo34AfQpo0rGki4cyIiftY06h2Fg=="
    },
    "glob": {
      "version": "7.1.6",
      "resolved": "https://registry.npmjs.org/glob/-/glob-7.1.6.tgz",
      "integrity": "sha512-LwaxwyZ72Lk7vZINtNNrywX0ZuLyStrdDtabefZKAY5ZGJhVtgdznluResxNmPitE0SAO+O26sWTHeKSI2wMBA==",
      "requires": {
        "fs.realpath": "^1.0.0",
        "inflight": "^1.0.4",
        "inherits": "2",
        "minimatch": "^3.0.4",
        "once": "^1.3.0",
        "path-is-absolute": "^1.0.0"
      }
    },
    "glob-parent": {
      "version": "5.1.2",
      "resolved": "https://registry.npmjs.org/glob-parent/-/glob-parent-5.1.2.tgz",
      "integrity": "sha512-AOIgSQCepiJYwP3ARnGx+5VnTu2HBYdzbGP45eLw1vr3zB3vZLeyed1sC9hnbcOc9/SrMyM5RPQrkGz4aS9Zow==",
      "requires": {
        "is-glob": "^4.0.1"
      }
    },
    "he": {
      "version": "1.2.0",
      "resolved": "https://registry.npmjs.org/he/-/he-1.2.0.tgz",
      "integrity": "sha512-F/1DnUGPopORZi0ni+CvrCgHQ5FyEAHRLSApuYWMmrbSwoN2Mn/7k+Gl38gJnR7yyDZk6WLXwiGod1JOWNDKGw=="
    },
    "html-minifier": {
      "version": "4.0.0",
      "resolved": "https://registry.npmjs.org/html-minifier/-/html-minifier-4.0.0.tgz",
      "integrity": "sha512-aoGxanpFPLg7MkIl/DDFYtb0iWz7jMFGqFhvEDZga6/4QTjneiD8I/NXL1x5aaoCp7FSIT6h/OhykDdPsbtMig==",
      "requires": {
        "camel-case": "^3.0.0",
        "clean-css": "^4.2.1",
        "commander": "^2.19.0",
        "he": "^1.2.0",
        "param-case": "^2.1.1",
        "relateurl": "^0.2.7",
        "uglify-js": "^3.5.1"
      }
    },
    "htmlparser2": {
      "version": "6.1.0",
      "resolved": "https://registry.npmjs.org/htmlparser2/-/htmlparser2-6.1.0.tgz",
      "integrity": "sha512-gyyPk6rgonLFEDGoeRgQNaEUvdJ4ktTmmUh/h2t7s+M8oPpIPxgNACWa+6ESR57kXstwqPiCut0V8NRpcwgU7A==",
      "requires": {
        "domelementtype": "^2.0.1",
        "domhandler": "^4.0.0",
        "domutils": "^2.5.2",
        "entities": "^2.0.0"
      }
    },
    "inflight": {
      "version": "1.0.6",
      "resolved": "https://registry.npmjs.org/inflight/-/inflight-1.0.6.tgz",
      "integrity": "sha1-Sb1jMdfQLQwJvJEKEHW6gWW1bfk=",
      "requires": {
        "once": "^1.3.0",
        "wrappy": "1"
      }
    },
    "inherits": {
      "version": "2.0.4",
      "resolved": "https://registry.npmjs.org/inherits/-/inherits-2.0.4.tgz",
      "integrity": "sha512-k/vGaX4/Yla3WzyMCvTQOXYeIHvqOKtnqBduzTHpzpQZzAskKMhZ2K+EnBiSM9zGSoIFeMpXKxa4dYeZIQqewQ=="
    },
    "ini": {
      "version": "1.3.8",
      "resolved": "https://registry.npmjs.org/ini/-/ini-1.3.8.tgz",
      "integrity": "sha512-JV/yugV2uzW5iMRSiZAyDtQd+nxtUnjeLt0acNdw98kKLrvuRVyB80tsREOE7yvGVgalhZ6RNXCmEHkUKBKxew=="
    },
    "is-binary-path": {
      "version": "2.1.0",
      "resolved": "https://registry.npmjs.org/is-binary-path/-/is-binary-path-2.1.0.tgz",
      "integrity": "sha512-ZMERYes6pDydyuGidse7OsHxtbI7WVeUEozgR/g7rd0xUimYNlvZRE/K2MgZTjWy725IfelLeVcEM97mmtRGXw==",
      "requires": {
        "binary-extensions": "^2.0.0"
      }
    },
    "is-extglob": {
      "version": "2.1.1",
      "resolved": "https://registry.npmjs.org/is-extglob/-/is-extglob-2.1.1.tgz",
      "integrity": "sha1-qIwCU1eR8C7TfHahueqXc8gz+MI="
    },
    "is-fullwidth-code-point": {
      "version": "3.0.0",
      "resolved": "https://registry.npmjs.org/is-fullwidth-code-point/-/is-fullwidth-code-point-3.0.0.tgz",
      "integrity": "sha512-zymm5+u+sCsSWyD9qNaejV3DFvhCKclKdizYaJUuHA83RLjb7nSuGnddCHGv0hk+KY7BMAlsWeK4Ueg6EV6XQg=="
    },
    "is-glob": {
      "version": "4.0.1",
      "resolved": "https://registry.npmjs.org/is-glob/-/is-glob-4.0.1.tgz",
      "integrity": "sha512-5G0tKtBTFImOqDnLB2hG6Bp2qcKEFduo4tZu9MT/H6NQv/ghhy30o55ufafxJ/LdH79LLs2Kfrn85TLKyA7BUg==",
      "requires": {
        "is-extglob": "^2.1.1"
      }
    },
    "is-number": {
      "version": "7.0.0",
      "resolved": "https://registry.npmjs.org/is-number/-/is-number-7.0.0.tgz",
      "integrity": "sha512-41Cifkg6e8TylSpdtTpeLVMqvSBEVzTttHvERD741+pnZ8ANv0004MRL43QKPDlK9cGvNp6NZWZUBlbGXYxxng=="
    },
    "js-beautify": {
      "version": "1.14.0",
      "resolved": "https://registry.npmjs.org/js-beautify/-/js-beautify-1.14.0.tgz",
      "integrity": "sha512-yuck9KirNSCAwyNJbqW+BxJqJ0NLJ4PwBUzQQACl5O3qHMBXVkXb/rD0ilh/Lat/tn88zSZ+CAHOlk0DsY7GuQ==",
      "requires": {
        "config-chain": "^1.1.12",
        "editorconfig": "^0.15.3",
        "glob": "^7.1.3",
        "nopt": "^5.0.0"
      }
    },
    "juice": {
      "version": "7.0.0",
      "resolved": "https://registry.npmjs.org/juice/-/juice-7.0.0.tgz",
      "integrity": "sha512-AjKQX31KKN+uJs+zaf+GW8mBO/f/0NqSh2moTMyvwBY+4/lXIYTU8D8I2h6BAV3Xnz6GGsbalUyFqbYMe+Vh+Q==",
      "requires": {
        "cheerio": "^1.0.0-rc.3",
        "commander": "^5.1.0",
        "mensch": "^0.3.4",
        "slick": "^1.12.2",
        "web-resource-inliner": "^5.0.0"
      },
      "dependencies": {
        "commander": {
          "version": "5.1.0",
          "resolved": "https://registry.npmjs.org/commander/-/commander-5.1.0.tgz",
          "integrity": "sha512-P0CysNDQ7rtVw4QIQtm+MRxV66vKFSvlsQvGYXZWR3qFU0jlMKHZZZgw8e+8DSah4UDKMqnknRDQz+xuQXQ/Zg=="
        }
      }
    },
    "lodash": {
      "version": "4.17.21",
      "resolved": "https://registry.npmjs.org/lodash/-/lodash-4.17.21.tgz",
      "integrity": "sha512-v2kDEe57lecTulaDIuNTPy3Ry4gLGJ6Z1O3vE1krgXZNrsQ+LFTGHVxVjcXPs17LhbZVGedAJv8XZ1tvj5FvSg=="
    },
    "lower-case": {
      "version": "1.1.4",
      "resolved": "https://registry.npmjs.org/lower-case/-/lower-case-1.1.4.tgz",
      "integrity": "sha1-miyr0bno4K6ZOkv31YdcOcQujqw="
    },
    "lru-cache": {
      "version": "4.1.5",
      "resolved": "https://registry.npmjs.org/lru-cache/-/lru-cache-4.1.5.tgz",
      "integrity": "sha512-sWZlbEP2OsHNkXrMl5GYk/jKk70MBng6UU4YI/qGDYbgf6YbP4EvmqISbXCoJiRKs+1bSpFHVgQxvJ17F2li5g==",
      "requires": {
        "pseudomap": "^1.0.2",
        "yallist": "^2.1.2"
      }
    },
    "mensch": {
      "version": "0.3.4",
      "resolved": "https://registry.npmjs.org/mensch/-/mensch-0.3.4.tgz",
      "integrity": "sha512-IAeFvcOnV9V0Yk+bFhYR07O3yNina9ANIN5MoXBKYJ/RLYPurd2d0yw14MDhpr9/momp0WofT1bPUh3hkzdi/g=="
    },
    "mime": {
      "version": "2.5.2",
      "resolved": "https://registry.npmjs.org/mime/-/mime-2.5.2.tgz",
      "integrity": "sha512-tqkh47FzKeCPD2PUiPB6pkbMzsCasjxAfC62/Wap5qrUWcb+sFasXUC5I3gYM5iBM8v/Qpn4UK0x+j0iHyFPDg=="
    },
    "minimatch": {
      "version": "3.0.4",
      "resolved": "https://registry.npmjs.org/minimatch/-/minimatch-3.0.4.tgz",
      "integrity": "sha512-yJHVQEhyqPLUTgt9B83PXu6W3rx4MvvHvSUvToogpwoGDOUQ+yDrR0HRot+yOCdCO7u4hX3pWft6kWBBcqh0UA==",
      "requires": {
        "brace-expansion": "^1.1.7"
      }
    },
    "mjml": {
      "version": "4.10.1",
      "resolved": "https://registry.npmjs.org/mjml/-/mjml-4.10.1.tgz",
      "integrity": "sha512-cD6F20yIMOUT9xaAVWLfk0DnhQSq6VkpD+LCf/RUWrxsxxkwPJtJfKfrP5TMeuWcmDFS9hfOBS3Jz+NmGh03jQ==",
      "requires": {
        "@babel/runtime": "^7.14.6",
        "mjml-cli": "4.10.1",
        "mjml-core": "4.10.1",
        "mjml-migrate": "4.10.1",
        "mjml-preset-core": "4.10.1",
        "mjml-validator": "4.10.1"
      }
    },
    "mjml-accordion": {
      "version": "4.10.1",
      "resolved": "https://registry.npmjs.org/mjml-accordion/-/mjml-accordion-4.10.1.tgz",
      "integrity": "sha512-wQ2PHsiuq3wxsumb78T7gWimB9aQXWP1yDQrQiLn+hmARiLOv9KOn96ZffM4nWyNlDM0AsWWm9fpLgv1RwI8wQ==",
      "requires": {
        "@babel/runtime": "^7.8.7",
        "lodash": "^4.17.15",
        "mjml-core": "4.10.1"
      }
    },
    "mjml-body": {
      "version": "4.10.1",
      "resolved": "https://registry.npmjs.org/mjml-body/-/mjml-body-4.10.1.tgz",
      "integrity": "sha512-6+v/m+PhTkm8NZYim1g2H0GsQ9sydZQZiaGCnzSpKJL6HXMYHqckdUc/yvgph86/XPRDTv2dIv/tvgJ5dBvFlA==",
      "requires": {
        "@babel/runtime": "^7.8.7",
        "lodash": "^4.17.15",
        "mjml-core": "4.10.1"
      }
    },
    "mjml-button": {
      "version": "4.10.1",
      "resolved": "https://registry.npmjs.org/mjml-button/-/mjml-button-4.10.1.tgz",
      "integrity": "sha512-3lmez3NZt1TJjE+HLZO10q9dfminH5JtTEV2m9Yf/gXRoT+vpD7XFs5vrAXVhMh879Unc3pxY8ghFr0/8JLBgQ==",
      "requires": {
        "@babel/runtime": "^7.8.7",
        "lodash": "^4.17.15",
        "mjml-core": "4.10.1"
      }
    },
    "mjml-carousel": {
      "version": "4.10.1",
      "resolved": "https://registry.npmjs.org/mjml-carousel/-/mjml-carousel-4.10.1.tgz",
      "integrity": "sha512-5n9LKP0KANRCoZDgT7jJCMiKlWr26idy1Sc2PunJ71164/lE6HKhSvMISNEdxDm+ZTj4Y2vDeobcc3zviQRkcw==",
      "requires": {
        "@babel/runtime": "^7.8.7",
        "lodash": "^4.17.15",
        "mjml-core": "4.10.1"
      }
    },
    "mjml-cli": {
      "version": "4.10.1",
      "resolved": "https://registry.npmjs.org/mjml-cli/-/mjml-cli-4.10.1.tgz",
      "integrity": "sha512-M/N704fblgiJOqyqD6PoEi0F4ILnb5PLFsRF0BE8NNoCpQz0WnnnUjuCnPBfgCsz/rVxBrSXYpGNrpViCkgftQ==",
      "requires": {
        "@babel/runtime": "^7.8.7",
        "chokidar": "^3.0.0",
        "glob": "^7.1.1",
        "html-minifier": "^4.0.0",
        "js-beautify": "^1.6.14",
        "lodash": "^4.17.15",
        "mjml-core": "4.10.1",
        "mjml-migrate": "4.10.1",
        "mjml-parser-xml": "4.10.1",
        "mjml-validator": "4.10.1",
        "yargs": "^16.1.0"
      }
    },
    "mjml-column": {
      "version": "4.10.1",
      "resolved": "https://registry.npmjs.org/mjml-column/-/mjml-column-4.10.1.tgz",
      "integrity": "sha512-ajn2YHc3rWXhXYsJiOvYnHBWbSB+ep1dTs+qe2uhxq9h8BdvG9bxh5UZeN3do7IEwqZIeA7lFKeWZyu07LapCQ==",
      "requires": {
        "@babel/runtime": "^7.8.7",
        "lodash": "^4.17.15",
        "mjml-core": "4.10.1"
      }
    },
    "mjml-core": {
      "version": "4.10.1",
      "resolved": "https://registry.npmjs.org/mjml-core/-/mjml-core-4.10.1.tgz",
      "integrity": "sha512-2RsFeWteelaaijD6dDFsvpgc/Zt5caKmUCr1sI3u7gIpH17LEjS5+CcSTEUwAOyAztUxpNfdotuWs3W0i2YyCA==",
      "requires": {
        "@babel/runtime": "^7.8.7",
        "cheerio": "1.0.0-rc.10",
        "detect-node": "2.0.4",
        "html-minifier": "^4.0.0",
        "js-beautify": "^1.6.14",
        "juice": "^7.0.0",
        "lodash": "^4.17.15",
        "mjml-migrate": "4.10.1",
        "mjml-parser-xml": "4.10.1",
        "mjml-validator": "4.10.1"
      }
    },
    "mjml-divider": {
      "version": "4.10.1",
      "resolved": "https://registry.npmjs.org/mjml-divider/-/mjml-divider-4.10.1.tgz",
      "integrity": "sha512-k3Rs+Owa9zdS49LbSGA+KkI9XFnAjJpINCYSfwp0p05HP+80jZAVIyb8/oMVjwzcM3CCPQhqSxg6WSuLMDfezg==",
      "requires": {
        "@babel/runtime": "^7.8.7",
        "lodash": "^4.17.15",
        "mjml-core": "4.10.1"
      }
    },
    "mjml-group": {
      "version": "4.10.1",
      "resolved": "https://registry.npmjs.org/mjml-group/-/mjml-group-4.10.1.tgz",
      "integrity": "sha512-uW5lIA3vRYqyUU7rzv2rMcUZkPkol4l4GJPnDvx5Pm45H9ogD8GgdhlPUq95cKRGEOqxj9ytFXqKrb1SlfDi3g==",
      "requires": {
        "@babel/runtime": "^7.8.7",
        "lodash": "^4.17.15",
        "mjml-core": "4.10.1"
      }
    },
    "mjml-head": {
      "version": "4.10.1",
      "resolved": "https://registry.npmjs.org/mjml-head/-/mjml-head-4.10.1.tgz",
      "integrity": "sha512-NYnITF3yZvN4pemiJISW7rINjaQtVmtFwNROleHRBNj/7GleklSo6cMOYljhJ95qzUyFlEVPbO54+znt1IlQHw==",
      "requires": {
        "@babel/runtime": "^7.8.7",
        "lodash": "^4.17.15",
        "mjml-core": "4.10.1"
      }
    },
    "mjml-head-attributes": {
      "version": "4.10.1",
      "resolved": "https://registry.npmjs.org/mjml-head-attributes/-/mjml-head-attributes-4.10.1.tgz",
      "integrity": "sha512-o6Peu/NcoQ45YTIfuVrE5QDutl8Zi+Zp7owkF6yDFPqQfVR8QCTQ/JS+3Z0bI/HRXoljV6O7eCBA6HbDdvMiaQ==",
      "requires": {
        "@babel/runtime": "^7.8.7",
        "lodash": "^4.17.15",
        "mjml-core": "4.10.1"
      }
    },
    "mjml-head-breakpoint": {
      "version": "4.10.1",
      "resolved": "https://registry.npmjs.org/mjml-head-breakpoint/-/mjml-head-breakpoint-4.10.1.tgz",
      "integrity": "sha512-2QJxmrQqB0N+Crfn+Cguq5eeL8YQ3y4g2K3UQ1d7dB0rEiwWN5x9gb4iOrrPTagepdYiaELJo9RqwR26WGw+9A==",
      "requires": {
        "@babel/runtime": "^7.8.7",
        "lodash": "^4.17.15",
        "mjml-core": "4.10.1"
      }
    },
    "mjml-head-font": {
      "version": "4.10.1",
      "resolved": "https://registry.npmjs.org/mjml-head-font/-/mjml-head-font-4.10.1.tgz",
      "integrity": "sha512-WjEyBneeyRaeEnW/iqfOMLGvkpSSijqHQxk/z6yVVQ+fEcZ6kOZFPIVDrXSgLUpPso0GV46ngde57zWuBYuTUQ==",
      "requires": {
        "@babel/runtime": "^7.8.7",
        "lodash": "^4.17.15",
        "mjml-core": "4.10.1"
      }
    },
    "mjml-head-html-attributes": {
      "version": "4.10.1",
      "resolved": "https://registry.npmjs.org/mjml-head-html-attributes/-/mjml-head-html-attributes-4.10.1.tgz",
      "integrity": "sha512-ZT5DPfCauY0N6JR4ouJaJ3dYiUDbsXWE27A5bGTUNF19fl59571z/lfTgCUnW4veXmG4n4JvOQYdw8QLotn7/w==",
      "requires": {
        "@babel/runtime": "^7.8.7",
        "lodash": "^4.17.15",
        "mjml-core": "4.10.1"
      }
    },
    "mjml-head-preview": {
      "version": "4.10.1",
      "resolved": "https://registry.npmjs.org/mjml-head-preview/-/mjml-head-preview-4.10.1.tgz",
      "integrity": "sha512-aeWHNiIAiREraDWwdniqWt3Vy97Ao/hxu46FJFwLn7q4Za3ZevxeHzzIoPgkGB8qaOSKHeyYDLHwhzLqnQAdKw==",
      "requires": {
        "@babel/runtime": "^7.8.7",
        "lodash": "^4.17.15",
        "mjml-core": "4.10.1"
      }
    },
    "mjml-head-style": {
      "version": "4.10.1",
      "resolved": "https://registry.npmjs.org/mjml-head-style/-/mjml-head-style-4.10.1.tgz",
      "integrity": "sha512-iCY5JsxJU9wiqh4A20CxeAv2MLqUBKotDS6V4lD16QVR2U1GDc7ZfP7rU8bL8ULE/589RxmkMq/+w3W5Fyx56g==",
      "requires": {
        "@babel/runtime": "^7.8.7",
        "lodash": "^4.17.15",
        "mjml-core": "4.10.1"
      }
    },
    "mjml-head-title": {
      "version": "4.10.1",
      "resolved": "https://registry.npmjs.org/mjml-head-title/-/mjml-head-title-4.10.1.tgz",
      "integrity": "sha512-rw18SV3X0mGi+59cZUFxrsXKFhK0sO1NniwKyxAtb/9cjlHiMbiXYeSOaw8Yg4Ee++C37xOd5hWCCxXUj09kFw==",
      "requires": {
        "@babel/runtime": "^7.8.7",
        "lodash": "^4.17.15",
        "mjml-core": "4.10.1"
      }
    },
    "mjml-hero": {
      "version": "4.10.1",
      "resolved": "https://registry.npmjs.org/mjml-hero/-/mjml-hero-4.10.1.tgz",
      "integrity": "sha512-3MozfbGnF7XbVzBJ1iz6F7nTDnJUZTRgaIbPhFQXDCbJ33LN6IPPS1+22iQnlZQeTG9N4SpJLjlG2W8UQp7rew==",
      "requires": {
        "@babel/runtime": "^7.8.7",
        "lodash": "^4.17.15",
        "mjml-core": "4.10.1"
      }
    },
    "mjml-image": {
      "version": "4.10.1",
      "resolved": "https://registry.npmjs.org/mjml-image/-/mjml-image-4.10.1.tgz",
      "integrity": "sha512-LZr49qbXDa/i9wM3iBOdwF9zndYn/xTHaofUn3rUxVmybfGLmr/N5fc84ZGMs4kBWYz8kuHodjOnaY/9g58pyg==",
      "requires": {
        "@babel/runtime": "^7.8.7",
        "lodash": "^4.17.15",
        "mjml-core": "4.10.1"
      }
    },
    "mjml-migrate": {
      "version": "4.10.1",
      "resolved": "https://registry.npmjs.org/mjml-migrate/-/mjml-migrate-4.10.1.tgz",
      "integrity": "sha512-RfUUqW9oqxp/42EVVygpu7v1/TX0TksJS3+7cAAuMSh8WsXQGYaNDDpFjItQapMDYfOVT/0Uby1L8PiuhQtx+g==",
      "requires": {
        "@babel/runtime": "^7.8.7",
        "js-beautify": "^1.6.14",
        "lodash": "^4.17.15",
        "mjml-core": "4.10.1",
        "mjml-parser-xml": "4.10.1",
        "yargs": "^16.1.0"
      }
    },
    "mjml-navbar": {
      "version": "4.10.1",
      "resolved": "https://registry.npmjs.org/mjml-navbar/-/mjml-navbar-4.10.1.tgz",
      "integrity": "sha512-Fu6/1WxXFgY478OINmiCrB3tE2c2uaEpXNS0ac2EbIytaM7/azQ58+Y07jfie1UXM6cjHAb5ZWOTjvJoPPOdag==",
      "requires": {
        "@babel/runtime": "^7.8.7",
        "lodash": "^4.17.15",
        "mjml-core": "4.10.1"
      }
    },
    "mjml-parser-xml": {
      "version": "4.10.1",
      "resolved": "https://registry.npmjs.org/mjml-parser-xml/-/mjml-parser-xml-4.10.1.tgz",
      "integrity": "sha512-dQW7efbPTXY9cgEshxefiEQ6lcWXp1yADjfv6hWYhcWlpeBfyZ6NBDL8aoRoem+5+avMSzn1tP1oRvedlSY/9Q==",
      "requires": {
        "@babel/runtime": "^7.8.7",
        "detect-node": "2.0.4",
        "htmlparser2": "^4.1.0",
        "lodash": "^4.17.15"
      },
      "dependencies": {
        "domhandler": {
          "version": "3.3.0",
          "resolved": "https://registry.npmjs.org/domhandler/-/domhandler-3.3.0.tgz",
          "integrity": "sha512-J1C5rIANUbuYK+FuFL98650rihynUOEzRLxW+90bKZRWB6A1X1Tf82GxR1qAWLyfNPRvjqfip3Q5tdYlmAa9lA==",
          "requires": {
            "domelementtype": "^2.0.1"
          }
        },
        "htmlparser2": {
          "version": "4.1.0",
          "resolved": "https://registry.npmjs.org/htmlparser2/-/htmlparser2-4.1.0.tgz",
          "integrity": "sha512-4zDq1a1zhE4gQso/c5LP1OtrhYTncXNSpvJYtWJBtXAETPlMfi3IFNjGuQbYLuVY4ZR0QMqRVvo4Pdy9KLyP8Q==",
          "requires": {
            "domelementtype": "^2.0.1",
            "domhandler": "^3.0.0",
            "domutils": "^2.0.0",
            "entities": "^2.0.0"
          }
        }
      }
    },
    "mjml-preset-core": {
      "version": "4.10.1",
      "resolved": "https://registry.npmjs.org/mjml-preset-core/-/mjml-preset-core-4.10.1.tgz",
      "integrity": "sha512-zAD72N3xb5vxOedd446g1lAvMeh57JZ5HDUUFNB473QVvu7HgX2OShykwsgyzgYgKXE3MBhms8nr1jv55SnPuA==",
      "requires": {
        "@babel/runtime": "^7.8.7",
        "mjml-accordion": "4.10.1",
        "mjml-body": "4.10.1",
        "mjml-button": "4.10.1",
        "mjml-carousel": "4.10.1",
        "mjml-column": "4.10.1",
        "mjml-divider": "4.10.1",
        "mjml-group": "4.10.1",
        "mjml-head": "4.10.1",
        "mjml-head-attributes": "4.10.1",
        "mjml-head-breakpoint": "4.10.1",
        "mjml-head-font": "4.10.1",
        "mjml-head-html-attributes": "4.10.1",
        "mjml-head-preview": "4.10.1",
        "mjml-head-style": "4.10.1",
        "mjml-head-title": "4.10.1",
        "mjml-hero": "4.10.1",
        "mjml-image": "4.10.1",
        "mjml-navbar": "4.10.1",
        "mjml-raw": "4.10.1",
        "mjml-section": "4.10.1",
        "mjml-social": "4.10.1",
        "mjml-spacer": "4.10.1",
        "mjml-table": "4.10.1",
        "mjml-text": "4.10.1",
        "mjml-wrapper": "4.10.1"
      }
    },
    "mjml-raw": {
      "version": "4.10.1",
      "resolved": "https://registry.npmjs.org/mjml-raw/-/mjml-raw-4.10.1.tgz",
      "integrity": "sha512-CgVn5E9c4uEvn10JMoOLrbcKLpaN1JAyl0d1M01v2kp1iG6VnfMv0BydliC7nZ4kHk7+bJ51XjkMBl9k+KDZYA==",
      "requires": {
        "@babel/runtime": "^7.8.7",
        "lodash": "^4.17.15",
        "mjml-core": "4.10.1"
      }
    },
    "mjml-section": {
      "version": "4.10.1",
      "resolved": "https://registry.npmjs.org/mjml-section/-/mjml-section-4.10.1.tgz",
      "integrity": "sha512-9QC5tyJ4hgbA/lRLZRNgIh866/VTfLc7+ucKkaWnteeF/CCxjqTwcYrLPbR5HKEMSjVd5/T17SOVOB6jv/VIdg==",
      "requires": {
        "@babel/runtime": "^7.8.7",
        "lodash": "^4.17.15",
        "mjml-core": "4.10.1"
      }
    },
    "mjml-social": {
      "version": "4.10.1",
      "resolved": "https://registry.npmjs.org/mjml-social/-/mjml-social-4.10.1.tgz",
      "integrity": "sha512-YuPjJF60oXQ47cd0gtJfy8SZBBBM8HV7pFwIuD1NIKdTU6qPZj38X81ZKPPuvmD1td+FVG/W/mySzuuH1hZkWQ==",
      "requires": {
        "@babel/runtime": "^7.8.7",
        "lodash": "^4.17.15",
        "mjml-core": "4.10.1"
      }
    },
    "mjml-spacer": {
      "version": "4.10.1",
      "resolved": "https://registry.npmjs.org/mjml-spacer/-/mjml-spacer-4.10.1.tgz",
      "integrity": "sha512-/wgxbrAIGrjpB5Z3KZUKDliQ/bdUsEouXgbMjRqoPfgskVV6ocrSLMDjWT8XEpYPSKb5T4p3dlWn8XKKl1nrOw==",
      "requires": {
        "@babel/runtime": "^7.8.7",
        "lodash": "^4.17.15",
        "mjml-core": "4.10.1"
      }
    },
    "mjml-table": {
      "version": "4.10.1",
      "resolved": "https://registry.npmjs.org/mjml-table/-/mjml-table-4.10.1.tgz",
      "integrity": "sha512-bfztBF/leXqbVHcOUiQu4zaSlW7i7lE2q0mb8gPHPRbh9cPzwetk5pYh9Gc7PiMpodvzpAYR2OeaQS0Z4FfjKg==",
      "requires": {
        "@babel/runtime": "^7.8.7",
        "lodash": "^4.17.15",
        "mjml-core": "4.10.1"
      }
    },
    "mjml-text": {
      "version": "4.10.1",
      "resolved": "https://registry.npmjs.org/mjml-text/-/mjml-text-4.10.1.tgz",
      "integrity": "sha512-SjB6U3O6TjkaeonQ85+BKfIQUGMf4gybS1QuI2ULlAMPlNYpmkNBhPzlXNECWUG1OETg1HgD6WqEYBG8Dd970A==",
      "requires": {
        "@babel/runtime": "^7.8.7",
        "lodash": "^4.17.15",
        "mjml-core": "4.10.1"
      }
    },
    "mjml-validator": {
      "version": "4.10.1",
      "resolved": "https://registry.npmjs.org/mjml-validator/-/mjml-validator-4.10.1.tgz",
      "integrity": "sha512-tYnRLtupjAj82Do9gb2Y8hWGSGz6nTLV6csia11JubhLoykJNS3JnGW2CPZ/Y+zWNUxJMNHkgHnxAPwSlmX6dQ==",
      "requires": {
        "@babel/runtime": "^7.8.7"
      }
    },
    "mjml-wrapper": {
      "version": "4.10.1",
      "resolved": "https://registry.npmjs.org/mjml-wrapper/-/mjml-wrapper-4.10.1.tgz",
      "integrity": "sha512-z0ewwxWPZAnIMKqsRCHh/jjsgPNcMO4Yej32LLait6IOAiUmo2hWLhrDmSFY69NrzuxxQPBI7tZ8G5LUbaH/EQ==",
      "requires": {
        "@babel/runtime": "^7.8.7",
        "lodash": "^4.17.15",
        "mjml-core": "4.10.1",
        "mjml-section": "4.10.1"
      }
    },
    "no-case": {
      "version": "2.3.2",
      "resolved": "https://registry.npmjs.org/no-case/-/no-case-2.3.2.tgz",
      "integrity": "sha512-rmTZ9kz+f3rCvK2TD1Ue/oZlns7OGoIWP4fc3llxxRXlOkHKoWPPWJOfFYpITabSow43QJbRIoHQXtt10VldyQ==",
      "requires": {
        "lower-case": "^1.1.1"
      }
    },
    "node-fetch": {
      "version": "2.6.1",
      "resolved": "https://registry.npmjs.org/node-fetch/-/node-fetch-2.6.1.tgz",
      "integrity": "sha512-V4aYg89jEoVRxRb2fJdAg8FHvI7cEyYdVAh94HH0UIK8oJxUfkjlDQN9RbMx+bEjP7+ggMiFRprSti032Oipxw=="
    },
    "nopt": {
      "version": "5.0.0",
      "resolved": "https://registry.npmjs.org/nopt/-/nopt-5.0.0.tgz",
      "integrity": "sha512-Tbj67rffqceeLpcRXrT7vKAN8CwfPeIBgM7E6iBkmKLV7bEMwpGgYLGv0jACUsECaa/vuxP0IjEont6umdMgtQ==",
      "requires": {
        "abbrev": "1"
      }
    },
    "normalize-path": {
      "version": "3.0.0",
      "resolved": "https://registry.npmjs.org/normalize-path/-/normalize-path-3.0.0.tgz",
      "integrity": "sha512-6eZs5Ls3WtCisHWp9S2GUy8dqkpGi4BVSz3GaqiE6ezub0512ESztXUwUB6C6IKbQkY2Pnb/mD4WYojCRwcwLA=="
    },
    "nth-check": {
      "version": "2.0.0",
      "resolved": "https://registry.npmjs.org/nth-check/-/nth-check-2.0.0.tgz",
      "integrity": "sha512-i4sc/Kj8htBrAiH1viZ0TgU8Y5XqCaV/FziYK6TBczxmeKm3AEFWqqF3195yKudrarqy7Zu80Ra5dobFjn9X/Q==",
      "requires": {
        "boolbase": "^1.0.0"
      }
    },
    "once": {
      "version": "1.4.0",
      "resolved": "https://registry.npmjs.org/once/-/once-1.4.0.tgz",
      "integrity": "sha1-WDsap3WWHUsROsF9nFC6753Xa9E=",
      "requires": {
        "wrappy": "1"
      }
    },
    "param-case": {
      "version": "2.1.1",
      "resolved": "https://registry.npmjs.org/param-case/-/param-case-2.1.1.tgz",
      "integrity": "sha1-35T9jPZTHs915r75oIWPvHK+Ikc=",
      "requires": {
        "no-case": "^2.2.0"
      }
    },
    "parse5": {
      "version": "6.0.1",
      "resolved": "https://registry.npmjs.org/parse5/-/parse5-6.0.1.tgz",
      "integrity": "sha512-Ofn/CTFzRGTTxwpNEs9PP93gXShHcTq255nzRYSKe8AkVpZY7e1fpmTfOyoIvjP5HG7Z2ZM7VS9PPhQGW2pOpw=="
    },
    "parse5-htmlparser2-tree-adapter": {
      "version": "6.0.1",
      "resolved": "https://registry.npmjs.org/parse5-htmlparser2-tree-adapter/-/parse5-htmlparser2-tree-adapter-6.0.1.tgz",
      "integrity": "sha512-qPuWvbLgvDGilKc5BoicRovlT4MtYT6JfJyBOMDsKoiT+GiuP5qyrPCnR9HcPECIJJmZh5jRndyNThnhhb/vlA==",
      "requires": {
        "parse5": "^6.0.1"
      }
    },
    "path-is-absolute": {
      "version": "1.0.1",
      "resolved": "https://registry.npmjs.org/path-is-absolute/-/path-is-absolute-1.0.1.tgz",
      "integrity": "sha1-F0uSaHNVNP+8es5r9TpanhtcX18="
    },
    "picomatch": {
      "version": "2.3.0",
      "resolved": "https://registry.npmjs.org/picomatch/-/picomatch-2.3.0.tgz",
      "integrity": "sha512-lY1Q/PiJGC2zOv/z391WOTD+Z02bCgsFfvxoXXf6h7kv9o+WmsmzYqrAwY63sNgOxE4xEdq0WyUnXfKeBrSvYw=="
    },
    "proto-list": {
      "version": "1.2.4",
      "resolved": "https://registry.npmjs.org/proto-list/-/proto-list-1.2.4.tgz",
      "integrity": "sha1-IS1b/hMYMGpCD2QCuOJv85ZHqEk="
    },
    "pseudomap": {
      "version": "1.0.2",
      "resolved": "https://registry.npmjs.org/pseudomap/-/pseudomap-1.0.2.tgz",
      "integrity": "sha1-8FKijacOYYkX7wqKw0wa5aaChrM="
    },
    "readdirp": {
      "version": "3.6.0",
      "resolved": "https://registry.npmjs.org/readdirp/-/readdirp-3.6.0.tgz",
      "integrity": "sha512-hOS089on8RduqdbhvQ5Z37A0ESjsqz6qnRcffsMU3495FuTdqSm+7bhJ29JvIOsBDEEnan5DPu9t3To9VRlMzA==",
      "requires": {
        "picomatch": "^2.2.1"
      }
    },
    "regenerator-runtime": {
      "version": "0.13.7",
      "resolved": "https://registry.npmjs.org/regenerator-runtime/-/regenerator-runtime-0.13.7.tgz",
      "integrity": "sha512-a54FxoJDIr27pgf7IgeQGxmqUNYrcV338lf/6gH456HZ/PhX+5BcwHXG9ajESmwe6WRO0tAzRUrRmNONWgkrew=="
    },
    "relateurl": {
      "version": "0.2.7",
      "resolved": "https://registry.npmjs.org/relateurl/-/relateurl-0.2.7.tgz",
      "integrity": "sha1-VNvzd+UUQKypCkzSdGANP/LYiKk="
    },
    "require-directory": {
      "version": "2.1.1",
      "resolved": "https://registry.npmjs.org/require-directory/-/require-directory-2.1.1.tgz",
      "integrity": "sha1-jGStX9MNqxyXbiNE/+f3kqam30I="
    },
    "semver": {
      "version": "5.7.1",
      "resolved": "https://registry.npmjs.org/semver/-/semver-5.7.1.tgz",
      "integrity": "sha512-sauaDf/PZdVgrLTNYHRtpXa1iRiKcaebiKQ1BJdpQlWH2lCvexQdX55snPFyK7QzpudqbCI0qXFfOasHdyNDGQ=="
    },
    "sigmund": {
      "version": "1.0.1",
      "resolved": "https://registry.npmjs.org/sigmund/-/sigmund-1.0.1.tgz",
      "integrity": "sha1-P/IfGYytIXX587eBhT/ZTQ0ZtZA="
    },
    "slick": {
      "version": "1.12.2",
      "resolved": "https://registry.npmjs.org/slick/-/slick-1.12.2.tgz",
      "integrity": "sha1-vQSN23TefRymkV+qSldXCzVQwtc="
    },
    "source-map": {
      "version": "0.6.1",
      "resolved": "https://registry.npmjs.org/source-map/-/source-map-0.6.1.tgz",
      "integrity": "sha512-UjgapumWlbMhkBgzT7Ykc5YXUT46F0iKu8SGXq0bcwP5dz/h0Plj6enJqjz1Zbq2l5WaqYnrVbwWOWMyF3F47g=="
    },
    "string-width": {
      "version": "4.2.2",
      "resolved": "https://registry.npmjs.org/string-width/-/string-width-4.2.2.tgz",
      "integrity": "sha512-XBJbT3N4JhVumXE0eoLU9DCjcaF92KLNqTmFCnG1pf8duUxFGwtP6AD6nkjw9a3IdiRtL3E2w3JDiE/xi3vOeA==",
      "requires": {
        "emoji-regex": "^8.0.0",
        "is-fullwidth-code-point": "^3.0.0",
        "strip-ansi": "^6.0.0"
      }
    },
    "strip-ansi": {
      "version": "6.0.0",
      "resolved": "https://registry.npmjs.org/strip-ansi/-/strip-ansi-6.0.0.tgz",
      "integrity": "sha512-AuvKTrTfQNYNIctbR1K/YGTR1756GycPsg7b9bdV9Duqur4gv6aKqHXah67Z8ImS7WEz5QVcOtlfW2rZEugt6w==",
      "requires": {
        "ansi-regex": "^5.0.0"
      }
    },
    "to-regex-range": {
      "version": "5.0.1",
      "resolved": "https://registry.npmjs.org/to-regex-range/-/to-regex-range-5.0.1.tgz",
      "integrity": "sha512-65P7iz6X5yEr1cwcgvQxbbIw7Uk3gOy5dIdtZ4rDveLqhrdJP+Li/Hx6tyK0NEb+2GCyneCMJiGqrADCSNk8sQ==",
      "requires": {
        "is-number": "^7.0.0"
      }
    },
    "tslib": {
      "version": "2.3.0",
      "resolved": "https://registry.npmjs.org/tslib/-/tslib-2.3.0.tgz",
      "integrity": "sha512-N82ooyxVNm6h1riLCoyS9e3fuJ3AMG2zIZs2Gd1ATcSFjSA23Q0fzjjZeh0jbJvWVDZ0cJT8yaNNaaXHzueNjg=="
    },
    "uglify-js": {
      "version": "3.13.10",
      "resolved": "https://registry.npmjs.org/uglify-js/-/uglify-js-3.13.10.tgz",
      "integrity": "sha512-57H3ACYFXeo1IaZ1w02sfA71wI60MGco/IQFjOqK+WtKoprh7Go2/yvd2HPtoJILO2Or84ncLccI4xoHMTSbGg=="
    },
    "upper-case": {
      "version": "1.1.3",
      "resolved": "https://registry.npmjs.org/upper-case/-/upper-case-1.1.3.tgz",
      "integrity": "sha1-9rRQHC7EzdJrp4vnIilh3ndiFZg="
    },
    "valid-data-url": {
      "version": "3.0.1",
      "resolved": "https://registry.npmjs.org/valid-data-url/-/valid-data-url-3.0.1.tgz",
      "integrity": "sha512-jOWVmzVceKlVVdwjNSenT4PbGghU0SBIizAev8ofZVgivk/TVHXSbNL8LP6M3spZvkR9/QolkyJavGSX5Cs0UA=="
    },
    "web-resource-inliner": {
      "version": "5.0.0",
      "resolved": "https://registry.npmjs.org/web-resource-inliner/-/web-resource-inliner-5.0.0.tgz",
      "integrity": "sha512-AIihwH+ZmdHfkJm7BjSXiEClVt4zUFqX4YlFAzjL13wLtDuUneSaFvDBTbdYRecs35SiU7iNKbMnN+++wVfb6A==",
      "requires": {
        "ansi-colors": "^4.1.1",
        "escape-goat": "^3.0.0",
        "htmlparser2": "^4.0.0",
        "mime": "^2.4.6",
        "node-fetch": "^2.6.0",
        "valid-data-url": "^3.0.0"
      },
      "dependencies": {
        "domhandler": {
          "version": "3.3.0",
          "resolved": "https://registry.npmjs.org/domhandler/-/domhandler-3.3.0.tgz",
          "integrity": "sha512-J1C5rIANUbuYK+FuFL98650rihynUOEzRLxW+90bKZRWB6A1X1Tf82GxR1qAWLyfNPRvjqfip3Q5tdYlmAa9lA==",
          "requires": {
            "domelementtype": "^2.0.1"
          }
        },
        "htmlparser2": {
          "version": "4.1.0",
          "resolved": "https://registry.npmjs.org/htmlparser2/-/htmlparser2-4.1.0.tgz",
          "integrity": "sha512-4zDq1a1zhE4gQso/c5LP1OtrhYTncXNSpvJYtWJBtXAETPlMfi3IFNjGuQbYLuVY4ZR0QMqRVvo4Pdy9KLyP8Q==",
          "requires": {
            "domelementtype": "^2.0.1",
            "domhandler": "^3.0.0",
            "domutils": "^2.0.0",
            "entities": "^2.0.0"
          }
        }
      }
    },
    "wrap-ansi": {
      "version": "7.0.0",
      "resolved": "https://registry.npmjs.org/wrap-ansi/-/wrap-ansi-7.0.0.tgz",
      "integrity": "sha512-YVGIj2kamLSTxw6NsZjoBxfSwsn0ycdesmc4p+Q21c5zPuZ1pl+NfxVdxPtdHvmNVOQ6XSYG4AUtyt/Fi7D16Q==",
      "requires": {
        "ansi-styles": "^4.0.0",
        "string-width": "^4.1.0",
        "strip-ansi": "^6.0.0"
      }
    },
    "wrappy": {
      "version": "1.0.2",
      "resolved": "https://registry.npmjs.org/wrappy/-/wrappy-1.0.2.tgz",
      "integrity": "sha1-tSQ9jz7BqjXxNkYFvA0QNuMKtp8="
    },
    "y18n": {
      "version": "5.0.8",
      "resolved": "https://registry.npmjs.org/y18n/-/y18n-5.0.8.tgz",
      "integrity": "sha512-0pfFzegeDWJHJIAmTLRP2DwHjdF5s7jo9tuztdQxAhINCdvS+3nGINqPd00AphqJR/0LhANUS6/+7SCb98YOfA=="
    },
    "yallist": {
      "version": "2.1.2",
      "resolved": "https://registry.npmjs.org/yallist/-/yallist-2.1.2.tgz",
      "integrity": "sha1-HBH5IY8HYImkfdUS+TxmmaaoHVI="
    },
    "yargs": {
      "version": "16.2.0",
      "resolved": "https://registry.npmjs.org/yargs/-/yargs-16.2.0.tgz",
      "integrity": "sha512-D1mvvtDG0L5ft/jGWkLpG1+m0eQxOfaBvTNELraWj22wSVUMWxZUvYgJYcKh6jGGIkJFhH4IZPQhR4TKpc8mBw==",
      "requires": {
        "cliui": "^7.0.2",
        "escalade": "^3.1.1",
        "get-caller-file": "^2.0.5",
        "require-directory": "^2.1.1",
        "string-width": "^4.2.0",
        "y18n": "^5.0.5",
        "yargs-parser": "^20.2.2"
      }
    },
    "yargs-parser": {
      "version": "20.2.9",
      "resolved": "https://registry.npmjs.org/yargs-parser/-/yargs-parser-20.2.9.tgz",
      "integrity": "sha512-y11nGElTIV+CT3Zv9t7VKl+Q3hTQoT9a1Qzezhhl6Rp21gJ/IVTW7Z3y9EWXhuUBC2Shnf+DX0antecpAwSP8w=="
    }
  }
}
