{
  "name": "mjml-to-html",
  "version": "1.0.0",
  "lockfileVersion": 1,
  "requires": true,
  "dependencies": {
    "@babel/runtime": {
      "version": "7.14.0",
      "resolved": "https://registry.npmjs.org/@babel/runtime/-/runtime-7.14.0.tgz",
      "integrity": "sha512-JELkvo/DlpNdJ7dlyw/eY7E0suy5i5GQH+Vlxaq1nsNJ+H7f4Vtv3jMeCEgRhZZQFXTjldYfQgv2qmM6M1v5wA==",
      "requires": {
        "regenerator-runtime": "^0.13.4"
      }
    },
    "@types/node": {
      "version": "15.3.0",
      "resolved": "https://registry.npmjs.org/@types/node/-/node-15.3.0.tgz",
      "integrity": "sha512-8/bnjSZD86ZfpBsDlCIkNXIvm+h6wi9g7IqL+kmFkQ+Wvu3JrasgLElfiPgoo8V8vVfnEi0QVS12gbl94h9YsQ=="
    },
    "abbrev": {
      "version": "1.1.1",
      "resolved": "https://registry.npmjs.org/abbrev/-/abbrev-1.1.1.tgz",
      "integrity": "sha512-nne9/IiQ/hzIhY6pdDnbBtz7DjPTKrY00P/zvPSm5pOFkl6xuGrGnXn/VtTNNfNtAfZ9/1RtehkszU9qcTii0Q=="
    },
    "ansi-colors": {
      "version": "4.1.1",
      "resolved": "https://registry.npmjs.org/ansi-colors/-/ansi-colors-4.1.1.tgz",
      "integrity": "sha512-JoX0apGbHaUJBNl6yF+p6JAFYZ666/hhCGKN5t9QFjbJQKUU/g8MNbFDbvfrgKXvI1QpZplPOnwIo99lX/AAmA=="
    },
    "ansi-regex": {
      "version": "5.0.0",
      "resolved": "https://registry.npmjs.org/ansi-regex/-/ansi-regex-5.0.0.tgz",
      "integrity": "sha512-bY6fj56OUQ0hU1KjFNDQuJFezqKdrAyFdIevADiqrWHwSlbmBNMHp5ak2f40Pm8JTFyM2mqxkG6ngkHO11f/lg=="
    },
    "ansi-styles": {
      "version": "4.3.0",
      "resolved": "https://registry.npmjs.org/ansi-styles/-/ansi-styles-4.3.0.tgz",
      "integrity": "sha512-zbB9rCJAT1rbjiVDb2hqKFHNYLxgtk8NURxZ3IZwD3F6NtxbXZQCnnSi1Lkx+IDohdPlFp222wVALIheZJQSEg==",
      "requires": {
        "color-convert": "^2.0.1"
      }
    },
    "anymatch": {
      "version": "3.1.2",
      "resolved": "https://registry.npmjs.org/anymatch/-/anymatch-3.1.2.tgz",
      "integrity": "sha512-P43ePfOAIupkguHUycrc4qJ9kz8ZiuOUijaETwX7THt0Y/GNK7v0aa8rY816xWjZ7rJdA5XdMcpVFTKMq+RvWg==",
      "requires": {
        "normalize-path": "^3.0.0",
        "picomatch": "^2.0.4"
      }
    },
    "balanced-match": {
      "version": "1.0.0",
      "resolved": "https://registry.npmjs.org/balanced-match/-/balanced-match-1.0.0.tgz",
      "integrity": "sha1-ibTRmasr7kneFk6gK4nORi1xt2c="
    },
    "binary-extensions": {
      "version": "2.2.0",
      "resolved": "https://registry.npmjs.org/binary-extensions/-/binary-extensions-2.2.0.tgz",
      "integrity": "sha512-jDctJ/IVQbZoJykoeHbhXpOlNBqGNcwXJKJog42E5HDPUwQTSdjCHdihjj0DlnheQ7blbT6dHOafNAiS8ooQKA=="
    },
    "boolbase": {
      "version": "1.0.0",
      "resolved": "https://registry.npmjs.org/boolbase/-/boolbase-1.0.0.tgz",
      "integrity": "sha1-aN/1++YMUes3cl6p4+0xDcwed24="
    },
    "brace-expansion": {
      "version": "1.1.11",
      "resolved": "https://registry.npmjs.org/brace-expansion/-/brace-expansion-1.1.11.tgz",
      "integrity": "sha512-iCuPHDFgrHX7H2vEI/5xpz07zSHB00TpugqhmYtVmMO6518mCuRMoOYFldEBl0g187ufozdaHgWKcYFb61qGiA==",
      "requires": {
        "balanced-match": "^1.0.0",
        "concat-map": "0.0.1"
      }
    },
    "braces": {
      "version": "3.0.2",
      "resolved": "https://registry.npmjs.org/braces/-/braces-3.0.2.tgz",
      "integrity": "sha512-b8um+L1RzM3WDSzvhm6gIz1yfTbBt6YTlcEKAvsmqCZZFw46z626lVj9j1yEPW33H5H+lBQpZMP1k8l+78Ha0A==",
      "requires": {
        "fill-range": "^7.0.1"
      }
    },
    "camel-case": {
      "version": "3.0.0",
      "resolved": "https://registry.npmjs.org/camel-case/-/camel-case-3.0.0.tgz",
      "integrity": "sha1-yjw2iKTpzzpM2nd9xNy8cTJJz3M=",
      "requires": {
        "no-case": "^2.2.0",
        "upper-case": "^1.1.1"
      }
    },
    "cheerio": {
      "version": "1.0.0-rc.3",
      "resolved": "https://registry.npmjs.org/cheerio/-/cheerio-1.0.0-rc.3.tgz",
      "integrity": "sha512-0td5ijfUPuubwLUu0OBoe98gZj8C/AA+RW3v67GPlGOrvxWjZmBXiBCRU+I8VEiNyJzjth40POfHiz2RB3gImA==",
      "requires": {
        "css-select": "~1.2.0",
        "dom-serializer": "~0.1.1",
        "entities": "~1.1.1",
        "htmlparser2": "^3.9.1",
        "lodash": "^4.15.0",
        "parse5": "^3.0.1"
      }
    },
    "chokidar": {
      "version": "3.5.1",
      "resolved": "https://registry.npmjs.org/chokidar/-/chokidar-3.5.1.tgz",
      "integrity": "sha512-9+s+Od+W0VJJzawDma/gvBNQqkTiqYTWLuZoyAsivsI4AaWTCzHG06/TMjsf1cYe9Cb97UCEhjz7HvnPk2p/tw==",
      "requires": {
        "anymatch": "~3.1.1",
        "braces": "~3.0.2",
        "fsevents": "~2.3.1",
        "glob-parent": "~5.1.0",
        "is-binary-path": "~2.1.0",
        "is-glob": "~4.0.1",
        "normalize-path": "~3.0.0",
        "readdirp": "~3.5.0"
      }
    },
    "clean-css": {
      "version": "4.2.3",
      "resolved": "https://registry.npmjs.org/clean-css/-/clean-css-4.2.3.tgz",
      "integrity": "sha512-VcMWDN54ZN/DS+g58HYL5/n4Zrqe8vHJpGA8KdgUXFU4fuP/aHNw8eld9SyEIyabIMJX/0RaY/fplOo5hYLSFA==",
      "requires": {
        "source-map": "~0.6.0"
      }
    },
    "cliui": {
      "version": "7.0.4",
      "resolved": "https://registry.npmjs.org/cliui/-/cliui-7.0.4.tgz",
      "integrity": "sha512-OcRE68cOsVMXp1Yvonl/fzkQOyjLSu/8bhPDfQt0e0/Eb283TKP20Fs2MqoPsr9SwA595rRCA+QMzYc9nBP+JQ==",
      "requires": {
        "string-width": "^4.2.0",
        "strip-ansi": "^6.0.0",
        "wrap-ansi": "^7.0.0"
      }
    },
    "color-convert": {
      "version": "2.0.1",
      "resolved": "https://registry.npmjs.org/color-convert/-/color-convert-2.0.1.tgz",
      "integrity": "sha512-RRECPsj7iu/xb5oKYcsFHSppFNnsj/52OVTRKb4zP5onXwVF3zVmmToNcOfGC+CRDpfK/U584fMg38ZHCaElKQ==",
      "requires": {
        "color-name": "~1.1.4"
      }
    },
    "color-name": {
      "version": "1.1.4",
      "resolved": "https://registry.npmjs.org/color-name/-/color-name-1.1.4.tgz",
      "integrity": "sha512-dOy+3AuW3a2wNbZHIuMZpTcgjGuLU/uBL/ubcZF9OXbDo8ff4O8yVp5Bf0efS8uEoYo5q4Fx7dY9OgQGXgAsQA=="
    },
    "commander": {
      "version": "2.20.3",
      "resolved": "https://registry.npmjs.org/commander/-/commander-2.20.3.tgz",
      "integrity": "sha512-GpVkmM8vF2vQUkj2LvZmD35JxeJOLCwJ9cUkugyk2nuhbv3+mJvpLYYt+0+USMxE+oj+ey/lJEnhZw75x/OMcQ=="
    },
    "concat-map": {
      "version": "0.0.1",
      "resolved": "https://registry.npmjs.org/concat-map/-/concat-map-0.0.1.tgz",
      "integrity": "sha1-2Klr13/Wjfd5OnMDajug1UBdR3s="
    },
    "config-chain": {
      "version": "1.1.12",
      "resolved": "https://registry.npmjs.org/config-chain/-/config-chain-1.1.12.tgz",
      "integrity": "sha512-a1eOIcu8+7lUInge4Rpf/n4Krkf3Dd9lqhljRzII1/Zno/kRtUWnznPO3jOKBmTEktkt3fkxisUcivoj0ebzoA==",
      "requires": {
        "ini": "^1.3.4",
        "proto-list": "~1.2.1"
      }
    },
    "css-select": {
      "version": "1.2.0",
      "resolved": "https://registry.npmjs.org/css-select/-/css-select-1.2.0.tgz",
      "integrity": "sha1-KzoRBTnFNV8c2NMUYj6HCxIeyFg=",
      "requires": {
        "boolbase": "~1.0.0",
        "css-what": "2.1",
        "domutils": "1.5.1",
        "nth-check": "~1.0.1"
      }
    },
    "css-what": {
      "version": "2.1.3",
      "resolved": "https://registry.npmjs.org/css-what/-/css-what-2.1.3.tgz",
      "integrity": "sha512-a+EPoD+uZiNfh+5fxw2nO9QwFa6nJe2Or35fGY6Ipw1R3R4AGz1d1TEZrCegvw2YTmZ0jXirGYlzxxpYSHwpEg=="
    },
    "detect-node": {
      "version": "2.0.4",
      "resolved": "https://registry.npmjs.org/detect-node/-/detect-node-2.0.4.tgz",
      "integrity": "sha512-ZIzRpLJrOj7jjP2miAtgqIfmzbxa4ZOr5jJc601zklsfEx9oTzmmj2nVpIPRpNlRTIh8lc1kyViIY7BWSGNmKw=="
    },
    "dom-serializer": {
      "version": "0.1.1",
      "resolved": "https://registry.npmjs.org/dom-serializer/-/dom-serializer-0.1.1.tgz",
      "integrity": "sha512-l0IU0pPzLWSHBcieZbpOKgkIn3ts3vAh7ZuFyXNwJxJXk/c4Gwj9xaTJwIDVQCXawWD0qb3IzMGH5rglQaO0XA==",
      "requires": {
        "domelementtype": "^1.3.0",
        "entities": "^1.1.1"
      }
    },
    "domelementtype": {
      "version": "1.3.1",
      "resolved": "https://registry.npmjs.org/domelementtype/-/domelementtype-1.3.1.tgz",
      "integrity": "sha512-BSKB+TSpMpFI/HOxCNr1O8aMOTZ8hT3pM3GQ0w/mWRmkhEDSFJkkyzz4XQsBV44BChwGkrDfMyjVD0eA2aFV3w=="
    },
    "domhandler": {
      "version": "2.4.2",
      "resolved": "https://registry.npmjs.org/domhandler/-/domhandler-2.4.2.tgz",
      "integrity": "sha512-JiK04h0Ht5u/80fdLMCEmV4zkNh2BcoMFBmZ/91WtYZ8qVXSKjiw7fXMgFPnHcSZgOo3XdinHvmnDUeMf5R4wA==",
      "requires": {
        "domelementtype": "1"
      }
    },
    "domutils": {
      "version": "1.5.1",
      "resolved": "https://registry.npmjs.org/domutils/-/domutils-1.5.1.tgz",
      "integrity": "sha1-3NhIiib1Y9YQeeSMn3t+Mjc2gs8=",
      "requires": {
        "dom-serializer": "0",
        "domelementtype": "1"
      }
    },
    "editorconfig": {
      "version": "0.15.3",
      "resolved": "https://registry.npmjs.org/editorconfig/-/editorconfig-0.15.3.tgz",
      "integrity": "sha512-M9wIMFx96vq0R4F+gRpY3o2exzb8hEj/n9S8unZtHSvYjibBp/iMufSzvmOcV/laG0ZtuTVGtiJggPOSW2r93g==",
      "requires": {
        "commander": "^2.19.0",
        "lru-cache": "^4.1.5",
        "semver": "^5.6.0",
        "sigmund": "^1.0.1"
      }
    },
    "emoji-regex": {
      "version": "8.0.0",
      "resolved": "https://registry.npmjs.org/emoji-regex/-/emoji-regex-8.0.0.tgz",
      "integrity": "sha512-MSjYzcWNOA0ewAHpz0MxpYFvwg6yjy1NG3xteoqz644VCo/RPgnr1/GGt+ic3iJTzQ8Eu3TdM14SawnVUmGE6A=="
    },
    "entities": {
      "version": "1.1.2",
      "resolved": "https://registry.npmjs.org/entities/-/entities-1.1.2.tgz",
      "integrity": "sha512-f2LZMYl1Fzu7YSBKg+RoROelpOaNrcGmE9AZubeDfrCEia483oW4MI4VyFd5VNHIgQ/7qm1I0wUHK1eJnn2y2w=="
    },
    "escalade": {
      "version": "3.1.1",
      "resolved": "https://registry.npmjs.org/escalade/-/escalade-3.1.1.tgz",
      "integrity": "sha512-k0er2gUkLf8O0zKJiAhmkTnJlTvINGv7ygDNPbeIsX/TJjGJZHuh9B2UxbsaEkmlEo9MfhrSzmhIlhRlI2GXnw=="
    },
    "escape-goat": {
      "version": "3.0.0",
      "resolved": "https://registry.npmjs.org/escape-goat/-/escape-goat-3.0.0.tgz",
      "integrity": "sha512-w3PwNZJwRxlp47QGzhuEBldEqVHHhh8/tIPcl6ecf2Bou99cdAt0knihBV0Ecc7CGxYduXVBDheH1K2oADRlvw=="
    },
    "fill-range": {
      "version": "7.0.1",
      "resolved": "https://registry.npmjs.org/fill-range/-/fill-range-7.0.1.tgz",
      "integrity": "sha512-qOo9F+dMUmC2Lcb4BbVvnKJxTPjCm+RRpe4gDuGrzkL7mEVl/djYSu2OdQ2Pa302N4oqkSg9ir6jaLWJ2USVpQ==",
      "requires": {
        "to-regex-range": "^5.0.1"
      }
    },
    "fs.realpath": {
      "version": "1.0.0",
      "resolved": "https://registry.npmjs.org/fs.realpath/-/fs.realpath-1.0.0.tgz",
      "integrity": "sha1-FQStJSMVjKpA20onh8sBQRmU6k8="
    },
    "fsevents": {
      "version": "2.3.2",
      "resolved": "https://registry.npmjs.org/fsevents/-/fsevents-2.3.2.tgz",
      "integrity": "sha512-xiqMQR4xAeHTuB9uWm+fFRcIOgKBMiOBP+eXiyT7jsgVCq1bkVygt00oASowB7EdtpOHaaPgKt812P9ab+DDKA==",
      "optional": true
    },
    "get-caller-file": {
      "version": "2.0.5",
      "resolved": "https://registry.npmjs.org/get-caller-file/-/get-caller-file-2.0.5.tgz",
      "integrity": "sha512-DyFP3BM/3YHTQOCUL/w0OZHR0lpKeGrxotcHWcqNEdnltqFwXVfhEBQ94eIo34AfQpo0rGki4cyIiftY06h2Fg=="
    },
    "glob": {
      "version": "7.1.6",
      "resolved": "https://registry.npmjs.org/glob/-/glob-7.1.6.tgz",
      "integrity": "sha512-LwaxwyZ72Lk7vZINtNNrywX0ZuLyStrdDtabefZKAY5ZGJhVtgdznluResxNmPitE0SAO+O26sWTHeKSI2wMBA==",
      "requires": {
        "fs.realpath": "^1.0.0",
        "inflight": "^1.0.4",
        "inherits": "2",
        "minimatch": "^3.0.4",
        "once": "^1.3.0",
        "path-is-absolute": "^1.0.0"
      }
    },
    "glob-parent": {
      "version": "5.1.2",
      "resolved": "https://registry.npmjs.org/glob-parent/-/glob-parent-5.1.2.tgz",
      "integrity": "sha512-AOIgSQCepiJYwP3ARnGx+5VnTu2HBYdzbGP45eLw1vr3zB3vZLeyed1sC9hnbcOc9/SrMyM5RPQrkGz4aS9Zow==",
      "requires": {
        "is-glob": "^4.0.1"
      }
    },
    "he": {
      "version": "1.2.0",
      "resolved": "https://registry.npmjs.org/he/-/he-1.2.0.tgz",
      "integrity": "sha512-F/1DnUGPopORZi0ni+CvrCgHQ5FyEAHRLSApuYWMmrbSwoN2Mn/7k+Gl38gJnR7yyDZk6WLXwiGod1JOWNDKGw=="
    },
    "html-minifier": {
      "version": "4.0.0",
      "resolved": "https://registry.npmjs.org/html-minifier/-/html-minifier-4.0.0.tgz",
      "integrity": "sha512-aoGxanpFPLg7MkIl/DDFYtb0iWz7jMFGqFhvEDZga6/4QTjneiD8I/NXL1x5aaoCp7FSIT6h/OhykDdPsbtMig==",
      "requires": {
        "camel-case": "^3.0.0",
        "clean-css": "^4.2.1",
        "commander": "^2.19.0",
        "he": "^1.2.0",
        "param-case": "^2.1.1",
        "relateurl": "^0.2.7",
        "uglify-js": "^3.5.1"
      }
    },
    "htmlparser2": {
      "version": "3.10.1",
      "resolved": "https://registry.npmjs.org/htmlparser2/-/htmlparser2-3.10.1.tgz",
      "integrity": "sha512-IgieNijUMbkDovyoKObU1DUhm1iwNYE/fuifEoEHfd1oZKZDaONBSkal7Y01shxsM49R4XaMdGez3WnF9UfiCQ==",
      "requires": {
        "domelementtype": "^1.3.1",
        "domhandler": "^2.3.0",
        "domutils": "^1.5.1",
        "entities": "^1.1.1",
        "inherits": "^2.0.1",
        "readable-stream": "^3.1.1"
      }
    },
    "inflight": {
      "version": "1.0.6",
      "resolved": "https://registry.npmjs.org/inflight/-/inflight-1.0.6.tgz",
      "integrity": "sha1-Sb1jMdfQLQwJvJEKEHW6gWW1bfk=",
      "requires": {
        "once": "^1.3.0",
        "wrappy": "1"
      }
    },
    "inherits": {
      "version": "2.0.4",
      "resolved": "https://registry.npmjs.org/inherits/-/inherits-2.0.4.tgz",
      "integrity": "sha512-k/vGaX4/Yla3WzyMCvTQOXYeIHvqOKtnqBduzTHpzpQZzAskKMhZ2K+EnBiSM9zGSoIFeMpXKxa4dYeZIQqewQ=="
    },
    "ini": {
      "version": "1.3.8",
      "resolved": "https://registry.npmjs.org/ini/-/ini-1.3.8.tgz",
      "integrity": "sha512-JV/yugV2uzW5iMRSiZAyDtQd+nxtUnjeLt0acNdw98kKLrvuRVyB80tsREOE7yvGVgalhZ6RNXCmEHkUKBKxew=="
    },
    "is-binary-path": {
      "version": "2.1.0",
      "resolved": "https://registry.npmjs.org/is-binary-path/-/is-binary-path-2.1.0.tgz",
      "integrity": "sha512-ZMERYes6pDydyuGidse7OsHxtbI7WVeUEozgR/g7rd0xUimYNlvZRE/K2MgZTjWy725IfelLeVcEM97mmtRGXw==",
      "requires": {
        "binary-extensions": "^2.0.0"
      }
    },
    "is-extglob": {
      "version": "2.1.1",
      "resolved": "https://registry.npmjs.org/is-extglob/-/is-extglob-2.1.1.tgz",
      "integrity": "sha1-qIwCU1eR8C7TfHahueqXc8gz+MI="
    },
    "is-fullwidth-code-point": {
      "version": "3.0.0",
      "resolved": "https://registry.npmjs.org/is-fullwidth-code-point/-/is-fullwidth-code-point-3.0.0.tgz",
      "integrity": "sha512-zymm5+u+sCsSWyD9qNaejV3DFvhCKclKdizYaJUuHA83RLjb7nSuGnddCHGv0hk+KY7BMAlsWeK4Ueg6EV6XQg=="
    },
    "is-glob": {
      "version": "4.0.1",
      "resolved": "https://registry.npmjs.org/is-glob/-/is-glob-4.0.1.tgz",
      "integrity": "sha512-5G0tKtBTFImOqDnLB2hG6Bp2qcKEFduo4tZu9MT/H6NQv/ghhy30o55ufafxJ/LdH79LLs2Kfrn85TLKyA7BUg==",
      "requires": {
        "is-extglob": "^2.1.1"
      }
    },
    "is-number": {
      "version": "7.0.0",
      "resolved": "https://registry.npmjs.org/is-number/-/is-number-7.0.0.tgz",
      "integrity": "sha512-41Cifkg6e8TylSpdtTpeLVMqvSBEVzTttHvERD741+pnZ8ANv0004MRL43QKPDlK9cGvNp6NZWZUBlbGXYxxng=="
    },
    "js-beautify": {
      "version": "1.13.13",
      "resolved": "https://registry.npmjs.org/js-beautify/-/js-beautify-1.13.13.tgz",
      "integrity": "sha512-oH+nc0U5mOAqX8M5JO1J0Pw/7Q35sAdOsM5W3i87pir9Ntx6P/5Gx1xLNoK+MGyvHk4rqqRCE4Oq58H6xl2W7A==",
      "requires": {
        "config-chain": "^1.1.12",
        "editorconfig": "^0.15.3",
        "glob": "^7.1.3",
        "mkdirp": "^1.0.4",
        "nopt": "^5.0.0"
      }
    },
    "juice": {
      "version": "7.0.0",
      "resolved": "https://registry.npmjs.org/juice/-/juice-7.0.0.tgz",
      "integrity": "sha512-AjKQX31KKN+uJs+zaf+GW8mBO/f/0NqSh2moTMyvwBY+4/lXIYTU8D8I2h6BAV3Xnz6GGsbalUyFqbYMe+Vh+Q==",
      "requires": {
        "cheerio": "^1.0.0-rc.3",
        "commander": "^5.1.0",
        "mensch": "^0.3.4",
        "slick": "^1.12.2",
        "web-resource-inliner": "^5.0.0"
      },
      "dependencies": {
        "commander": {
          "version": "5.1.0",
          "resolved": "https://registry.npmjs.org/commander/-/commander-5.1.0.tgz",
          "integrity": "sha512-P0CysNDQ7rtVw4QIQtm+MRxV66vKFSvlsQvGYXZWR3qFU0jlMKHZZZgw8e+8DSah4UDKMqnknRDQz+xuQXQ/Zg=="
        }
      }
    },
    "lodash": {
      "version": "4.17.21",
      "resolved": "https://registry.npmjs.org/lodash/-/lodash-4.17.21.tgz",
      "integrity": "sha512-v2kDEe57lecTulaDIuNTPy3Ry4gLGJ6Z1O3vE1krgXZNrsQ+LFTGHVxVjcXPs17LhbZVGedAJv8XZ1tvj5FvSg=="
    },
    "lower-case": {
      "version": "1.1.4",
      "resolved": "https://registry.npmjs.org/lower-case/-/lower-case-1.1.4.tgz",
      "integrity": "sha1-miyr0bno4K6ZOkv31YdcOcQujqw="
    },
    "lru-cache": {
      "version": "4.1.5",
      "resolved": "https://registry.npmjs.org/lru-cache/-/lru-cache-4.1.5.tgz",
      "integrity": "sha512-sWZlbEP2OsHNkXrMl5GYk/jKk70MBng6UU4YI/qGDYbgf6YbP4EvmqISbXCoJiRKs+1bSpFHVgQxvJ17F2li5g==",
      "requires": {
        "pseudomap": "^1.0.2",
        "yallist": "^2.1.2"
      }
    },
    "mensch": {
      "version": "0.3.4",
      "resolved": "https://registry.npmjs.org/mensch/-/mensch-0.3.4.tgz",
      "integrity": "sha512-IAeFvcOnV9V0Yk+bFhYR07O3yNina9ANIN5MoXBKYJ/RLYPurd2d0yw14MDhpr9/momp0WofT1bPUh3hkzdi/g=="
    },
    "mime": {
      "version": "2.5.2",
      "resolved": "https://registry.npmjs.org/mime/-/mime-2.5.2.tgz",
      "integrity": "sha512-tqkh47FzKeCPD2PUiPB6pkbMzsCasjxAfC62/Wap5qrUWcb+sFasXUC5I3gYM5iBM8v/Qpn4UK0x+j0iHyFPDg=="
    },
    "minimatch": {
      "version": "3.0.4",
      "resolved": "https://registry.npmjs.org/minimatch/-/minimatch-3.0.4.tgz",
      "integrity": "sha512-yJHVQEhyqPLUTgt9B83PXu6W3rx4MvvHvSUvToogpwoGDOUQ+yDrR0HRot+yOCdCO7u4hX3pWft6kWBBcqh0UA==",
      "requires": {
        "brace-expansion": "^1.1.7"
      }
    },
    "mjml": {
      "version": "4.9.1",
      "resolved": "https://registry.npmjs.org/mjml/-/mjml-4.9.1.tgz",
      "integrity": "sha512-tzwFdv2Mzt8PqC97F6L5Ci+vMXqoXhNJPfW+hFEUXgv5//buRSX+d2LOdraNGgKRi26bZ2SQA6JDXWpzNUKZLA==",
      "requires": {
        "@babel/runtime": "^7.8.7",
        "mjml-cli": "4.9.1",
        "mjml-core": "4.9.1",
        "mjml-migrate": "4.9.1",
        "mjml-preset-core": "4.9.1",
        "mjml-validator": "4.9.1"
      }
    },
    "mjml-accordion": {
      "version": "4.9.1",
      "resolved": "https://registry.npmjs.org/mjml-accordion/-/mjml-accordion-4.9.1.tgz",
      "integrity": "sha512-IEPtf0EgMBHr2mg4wXuuN574idIiTR6XUmLnhF9EsKlJVVKabxSybLWJv81kAUqm2ld2dc/B2kT2ujLDWoQRFw==",
      "requires": {
        "@babel/runtime": "^7.8.7",
        "lodash": "^4.17.15",
        "mjml-core": "4.9.1"
      }
    },
    "mjml-body": {
      "version": "4.9.1",
      "resolved": "https://registry.npmjs.org/mjml-body/-/mjml-body-4.9.1.tgz",
      "integrity": "sha512-P6WaVsFzHC3KTpyjZ5axsEQpiozKeOqhaykE2CV8dSrDjn3uHbDY26Bzd2eg5B1pQrwDubfAUY84I86DaktZUg==",
      "requires": {
        "@babel/runtime": "^7.8.7",
        "lodash": "^4.17.15",
        "mjml-core": "4.9.1"
      }
    },
    "mjml-button": {
      "version": "4.9.1",
      "resolved": "https://registry.npmjs.org/mjml-button/-/mjml-button-4.9.1.tgz",
      "integrity": "sha512-WicqC7LAuKtv+erIrTq8Q8vb3QD/fANg61sW7k1q86p1t3Co9wl6KWlMYc/9Otz/6tazSAeCxX4/AZS2ibs7Kw==",
      "requires": {
        "@babel/runtime": "^7.8.7",
        "lodash": "^4.17.15",
        "mjml-core": "4.9.1"
      }
    },
    "mjml-carousel": {
      "version": "4.9.1",
      "resolved": "https://registry.npmjs.org/mjml-carousel/-/mjml-carousel-4.9.1.tgz",
      "integrity": "sha512-RLIfe1V5x/KCVdJOQhCqR7FOa9GA5Lnw0t/Qe7OPgf2hUNnzs2qchQy5HHFRhQ5s5w2NfRaasXHJL48ZtihExQ==",
      "requires": {
        "@babel/runtime": "^7.8.7",
        "lodash": "^4.17.15",
        "mjml-core": "4.9.1"
      }
    },
    "mjml-cli": {
      "version": "4.9.1",
      "resolved": "https://registry.npmjs.org/mjml-cli/-/mjml-cli-4.9.1.tgz",
      "integrity": "sha512-591NX8QpvjBGjsgq1nQdXL20TqSiSo+QbFLcx+1DRac6eP4zJbkk3PSZgOUbPcpT0p9V35Og832lfl/hXWCQSw==",
      "requires": {
        "@babel/runtime": "^7.8.7",
        "chokidar": "^3.0.0",
        "glob": "^7.1.1",
        "html-minifier": "^4.0.0",
        "js-beautify": "^1.6.14",
        "lodash": "^4.17.15",
        "mjml-core": "4.9.1",
        "mjml-migrate": "4.9.1",
        "mjml-parser-xml": "4.9.1",
        "mjml-validator": "4.9.1",
        "yargs": "^16.1.0"
      }
    },
    "mjml-column": {
      "version": "4.9.1",
      "resolved": "https://registry.npmjs.org/mjml-column/-/mjml-column-4.9.1.tgz",
      "integrity": "sha512-XQ4cT+SQMg67dDRD1PDsNO77tgnPOwvwjThOETI35L3pN1WB3te3pkQjL1kkuzRYVebr+Qw6lJeTkIYS4TStZA==",
      "requires": {
        "@babel/runtime": "^7.8.7",
        "lodash": "^4.17.15",
        "mjml-core": "4.9.1"
      }
    },
    "mjml-core": {
      "version": "4.9.1",
      "resolved": "https://registry.npmjs.org/mjml-core/-/mjml-core-4.9.1.tgz",
      "integrity": "sha512-+xVnK7zxqFreP1EHPsT9BTmzT9N8/aCSsSG/hhnXHf08Mo/PSNXwrbsb4tAFcC4jC/Gl9qqaRI/94Ysasmk9EA==",
      "requires": {
        "@babel/runtime": "^7.8.7",
        "cheerio": "1.0.0-rc.3",
        "detect-node": "2.0.4",
        "html-minifier": "^4.0.0",
        "js-beautify": "^1.6.14",
        "juice": "^7.0.0",
        "lodash": "^4.17.15",
        "mjml-migrate": "4.9.1",
        "mjml-parser-xml": "4.9.1",
        "mjml-validator": "4.9.1"
      }
    },
    "mjml-divider": {
      "version": "4.9.1",
      "resolved": "https://registry.npmjs.org/mjml-divider/-/mjml-divider-4.9.1.tgz",
      "integrity": "sha512-LMRdZYwYYoS7mOhjPQHC5ZG26EumXxYt5JOO8Pe+qhQlsOvXdbCEmzDn5CrfB6R/jeSJBfQ5DiCijFwZhG5Vew==",
      "requires": {
        "@babel/runtime": "^7.8.7",
        "lodash": "^4.17.15",
        "mjml-core": "4.9.1"
      }
    },
    "mjml-group": {
      "version": "4.9.1",
      "resolved": "https://registry.npmjs.org/mjml-group/-/mjml-group-4.9.1.tgz",
      "integrity": "sha512-ckf6cAKZH8tkS9+uHUmW+X7l/dLrP+TIEbj1XWp0hmVDpZOlSBkrJAODxQB4bYVptlkuNGExN+d7zzGBL+edmw==",
      "requires": {
        "@babel/runtime": "^7.8.7",
        "lodash": "^4.17.15",
        "mjml-core": "4.9.1"
      }
    },
    "mjml-head": {
      "version": "4.9.1",
      "resolved": "https://registry.npmjs.org/mjml-head/-/mjml-head-4.9.1.tgz",
      "integrity": "sha512-xkLhofCMPNHsg6ouf3gFCJVueEPTDBkbf4s4FS65Yn5rl/Ni46fyRSRnbdgh00UyZeOQVkkkGE8EpLrZOLcgYw==",
      "requires": {
        "@babel/runtime": "^7.8.7",
        "lodash": "^4.17.15",
        "mjml-core": "4.9.1"
      }
    },
    "mjml-head-attributes": {
      "version": "4.9.1",
      "resolved": "https://registry.npmjs.org/mjml-head-attributes/-/mjml-head-attributes-4.9.1.tgz",
      "integrity": "sha512-C5xGhRYZHQQzZobEkM38haaBOHG41+ov+tBiUHaGnCvhlc5YRcW9QKkFq4syn8MzTpZKE3SQfEELYU6LvC480A==",
      "requires": {
        "@babel/runtime": "^7.8.7",
        "lodash": "^4.17.15",
        "mjml-core": "4.9.1"
      }
    },
    "mjml-head-breakpoint": {
      "version": "4.9.1",
      "resolved": "https://registry.npmjs.org/mjml-head-breakpoint/-/mjml-head-breakpoint-4.9.1.tgz",
      "integrity": "sha512-iYTZvM1hcmSsy0ydW7puc4ACdJ4wdndezvw+FtDmPLfwIagGMTmsYUTX0E2K/x96EHdLurwpu0jl0iTrhbzsVw==",
      "requires": {
        "@babel/runtime": "^7.8.7",
        "lodash": "^4.17.15",
        "mjml-core": "4.9.1"
      }
    },
    "mjml-head-font": {
      "version": "4.9.1",
      "resolved": "https://registry.npmjs.org/mjml-head-font/-/mjml-head-font-4.9.1.tgz",
      "integrity": "sha512-EmFvuOORi7n3nz3Xjx+ZyJGPw2l190Sd5aKuNKjrfx2JswHT7UTLKbb+cOV1se3s7XprKiXtRoe5dsoD3+uDPA==",
      "requires": {
        "@babel/runtime": "^7.8.7",
        "lodash": "^4.17.15",
        "mjml-core": "4.9.1"
      }
    },
    "mjml-head-html-attributes": {
      "version": "4.9.1",
      "resolved": "https://registry.npmjs.org/mjml-head-html-attributes/-/mjml-head-html-attributes-4.9.1.tgz",
      "integrity": "sha512-VNqL6rA9AcG4DXIu4xm5K0P1XZj9dXpry6G98XeBTzmZDbxZWsS07qyrj15YWyEHGHVktXw5nZP6K3wDm8tRJQ==",
      "requires": {
        "@babel/runtime": "^7.8.7",
        "lodash": "^4.17.15",
        "mjml-core": "4.9.1"
      }
    },
    "mjml-head-preview": {
      "version": "4.9.1",
      "resolved": "https://registry.npmjs.org/mjml-head-preview/-/mjml-head-preview-4.9.1.tgz",
      "integrity": "sha512-38M0UqVRRPsBIU3MmH2B7sErKnMG5WdhpIQJ0LzqTOS7eQYWp4lsR7uNOV6NJZpld//6LhgglgyMvn/7t6HVqw==",
      "requires": {
        "@babel/runtime": "^7.8.7",
        "lodash": "^4.17.15",
        "mjml-core": "4.9.1"
      }
    },
    "mjml-head-style": {
      "version": "4.9.1",
      "resolved": "https://registry.npmjs.org/mjml-head-style/-/mjml-head-style-4.9.1.tgz",
      "integrity": "sha512-OxCkGzi0fNOSpTKAjjZGcjgWkgws93BzWFE0c0qr+g+LlioC6FYBLQfV6LAnke64t58Sint4ExG6guEMRPQ/Bw==",
      "requires": {
        "@babel/runtime": "^7.8.7",
        "lodash": "^4.17.15",
        "mjml-core": "4.9.1"
      }
    },
    "mjml-head-title": {
      "version": "4.9.1",
      "resolved": "https://registry.npmjs.org/mjml-head-title/-/mjml-head-title-4.9.1.tgz",
      "integrity": "sha512-Myr3x8cCMyw2GUW4DL/r+jkc5oLskn/lRxsZN88GOFIka0BDK3HZnsYvMF7SAJnyIXsm+pZsdWj4tW6yrFAwcQ==",
      "requires": {
        "@babel/runtime": "^7.8.7",
        "lodash": "^4.17.15",
        "mjml-core": "4.9.1"
      }
    },
    "mjml-hero": {
      "version": "4.9.1",
      "resolved": "https://registry.npmjs.org/mjml-hero/-/mjml-hero-4.9.1.tgz",
      "integrity": "sha512-2xHYhFdDhPTNXH9TAzCKgdYPwWu0Q49/uedxnbASWQa6LbxEB1AZFplTvyx3vru7scd9zpIGS04+dELJw5Zw+Q==",
      "requires": {
        "@babel/runtime": "^7.8.7",
        "lodash": "^4.17.15",
        "mjml-core": "4.9.1"
      }
    },
    "mjml-image": {
      "version": "4.9.1",
      "resolved": "https://registry.npmjs.org/mjml-image/-/mjml-image-4.9.1.tgz",
      "integrity": "sha512-gWevdnpur0ctUgKuIUHZodGVZg8dUOKHASP4BOTKiDNS+PlKoBnmmZwxzBNRnFfj+ol4BZbexc5WOy1zqoQyrQ==",
      "requires": {
        "@babel/runtime": "^7.8.7",
        "lodash": "^4.17.15",
        "mjml-core": "4.9.1"
      }
    },
    "mjml-migrate": {
      "version": "4.9.1",
      "resolved": "https://registry.npmjs.org/mjml-migrate/-/mjml-migrate-4.9.1.tgz",
      "integrity": "sha512-1uxxx7O2UEyP4Vvmz6peLTMlrguuOOFdMxXwoMc2c3HidfwUtqEJvQy6b357xXMcBHWmm4bBrYjWCYQ+Y1ixPA==",
      "requires": {
        "@babel/runtime": "^7.8.7",
        "js-beautify": "^1.6.14",
        "lodash": "^4.17.15",
        "mjml-core": "4.9.1",
        "mjml-parser-xml": "4.9.1",
        "yargs": "^16.1.0"
      }
    },
    "mjml-navbar": {
      "version": "4.9.1",
      "resolved": "https://registry.npmjs.org/mjml-navbar/-/mjml-navbar-4.9.1.tgz",
      "integrity": "sha512-p9PIxpx7fIFzJKzLEouqXxJ1ZojypcZUloLgFwoz+gRZa3z3XaxsoUcLCZLVl2QK+xwbTL6kZk9PRpxSeyPi1g==",
      "requires": {
        "@babel/runtime": "^7.8.7",
        "lodash": "^4.17.15",
        "mjml-core": "4.9.1"
      }
    },
    "mjml-parser-xml": {
      "version": "4.9.1",
      "resolved": "https://registry.npmjs.org/mjml-parser-xml/-/mjml-parser-xml-4.9.1.tgz",
      "integrity": "sha512-zHzsB3/hiFUMX/TTkcyLXR7ztIOZUsOjjkqUbSbYjwY/+qTPzYlvIBx0XCAMByLr2Wr+/YmLGkhqhXdbNX8f6Q==",
      "requires": {
        "@babel/runtime": "^7.8.7",
        "detect-node": "2.0.4",
        "htmlparser2": "^4.1.0",
        "lodash": "^4.17.15"
      },
      "dependencies": {
        "dom-serializer": {
          "version": "1.3.2",
          "resolved": "https://registry.npmjs.org/dom-serializer/-/dom-serializer-1.3.2.tgz",
          "integrity": "sha512-5c54Bk5Dw4qAxNOI1pFEizPSjVsx5+bpJKmL2kPn8JhBUq2q09tTCa3mjijun2NfK78NMouDYNMBkOrPZiS+ig==",
          "requires": {
            "domelementtype": "^2.0.1",
            "domhandler": "^4.2.0",
            "entities": "^2.0.0"
          },
          "dependencies": {
            "domhandler": {
              "version": "4.2.0",
              "resolved": "https://registry.npmjs.org/domhandler/-/domhandler-4.2.0.tgz",
              "integrity": "sha512-zk7sgt970kzPks2Bf+dwT/PLzghLnsivb9CcxkvR8Mzr66Olr0Ofd8neSbglHJHaHa2MadfoSdNlKYAaafmWfA==",
              "requires": {
                "domelementtype": "^2.2.0"
              }
            }
          }
        },
        "domelementtype": {
          "version": "2.2.0",
          "resolved": "https://registry.npmjs.org/domelementtype/-/domelementtype-2.2.0.tgz",
          "integrity": "sha512-DtBMo82pv1dFtUmHyr48beiuq792Sxohr+8Hm9zoxklYPfa6n0Z3Byjj2IV7bmr2IyqClnqEQhfgHJJ5QF0R5A=="
        },
        "domhandler": {
          "version": "3.3.0",
          "resolved": "https://registry.npmjs.org/domhandler/-/domhandler-3.3.0.tgz",
          "integrity": "sha512-J1C5rIANUbuYK+FuFL98650rihynUOEzRLxW+90bKZRWB6A1X1Tf82GxR1qAWLyfNPRvjqfip3Q5tdYlmAa9lA==",
          "requires": {
            "domelementtype": "^2.0.1"
          }
        },
        "domutils": {
          "version": "2.6.0",
          "resolved": "https://registry.npmjs.org/domutils/-/domutils-2.6.0.tgz",
          "integrity": "sha512-y0BezHuy4MDYxh6OvolXYsH+1EMGmFbwv5FKW7ovwMG6zTPWqNPq3WF9ayZssFq+UlKdffGLbOEaghNdaOm1WA==",
          "requires": {
            "dom-serializer": "^1.0.1",
            "domelementtype": "^2.2.0",
            "domhandler": "^4.2.0"
          },
          "dependencies": {
            "domhandler": {
              "version": "4.2.0",
              "resolved": "https://registry.npmjs.org/domhandler/-/domhandler-4.2.0.tgz",
              "integrity": "sha512-zk7sgt970kzPks2Bf+dwT/PLzghLnsivb9CcxkvR8Mzr66Olr0Ofd8neSbglHJHaHa2MadfoSdNlKYAaafmWfA==",
              "requires": {
                "domelementtype": "^2.2.0"
              }
            }
          }
        },
        "entities": {
          "version": "2.2.0",
          "resolved": "https://registry.npmjs.org/entities/-/entities-2.2.0.tgz",
          "integrity": "sha512-p92if5Nz619I0w+akJrLZH0MX0Pb5DX39XOwQTtXSdQQOaYH03S1uIQp4mhOZtAXrxq4ViO67YTiLBo2638o9A=="
        },
        "htmlparser2": {
          "version": "4.1.0",
          "resolved": "https://registry.npmjs.org/htmlparser2/-/htmlparser2-4.1.0.tgz",
          "integrity": "sha512-4zDq1a1zhE4gQso/c5LP1OtrhYTncXNSpvJYtWJBtXAETPlMfi3IFNjGuQbYLuVY4ZR0QMqRVvo4Pdy9KLyP8Q==",
          "requires": {
            "domelementtype": "^2.0.1",
            "domhandler": "^3.0.0",
            "domutils": "^2.0.0",
            "entities": "^2.0.0"
          }
        }
      }
    },
    "mjml-preset-core": {
      "version": "4.9.1",
      "resolved": "https://registry.npmjs.org/mjml-preset-core/-/mjml-preset-core-4.9.1.tgz",
      "integrity": "sha512-cX74oaXvPkwBY/OaqL6UaBgt5BLRxNCQP/pd1jW5Yaw/9hKciWKnGm7iCl2MjalZ7dwJTlYHbU6L3sRCR/P3Og==",
      "requires": {
        "@babel/runtime": "^7.8.7",
        "mjml-accordion": "4.9.1",
        "mjml-body": "4.9.1",
        "mjml-button": "4.9.1",
        "mjml-carousel": "4.9.1",
        "mjml-column": "4.9.1",
        "mjml-divider": "4.9.1",
        "mjml-group": "4.9.1",
        "mjml-head": "4.9.1",
        "mjml-head-attributes": "4.9.1",
        "mjml-head-breakpoint": "4.9.1",
        "mjml-head-font": "4.9.1",
        "mjml-head-html-attributes": "4.9.1",
        "mjml-head-preview": "4.9.1",
        "mjml-head-style": "4.9.1",
        "mjml-head-title": "4.9.1",
        "mjml-hero": "4.9.1",
        "mjml-image": "4.9.1",
        "mjml-navbar": "4.9.1",
        "mjml-raw": "4.9.1",
        "mjml-section": "4.9.1",
        "mjml-social": "4.9.1",
        "mjml-spacer": "4.9.1",
        "mjml-table": "4.9.1",
        "mjml-text": "4.9.1",
        "mjml-wrapper": "4.9.1"
      }
    },
    "mjml-raw": {
      "version": "4.9.1",
      "resolved": "https://registry.npmjs.org/mjml-raw/-/mjml-raw-4.9.1.tgz",
      "integrity": "sha512-ADFJJLoQ0guQ61+p2uJbkM2pb+P1YGjnaz3bm13DCbntcEnFxQthAqgLROxT3URT/O93OSGVkrNGClqYesAG0A==",
      "requires": {
        "@babel/runtime": "^7.8.7",
        "lodash": "^4.17.15",
        "mjml-core": "4.9.1"
      }
    },
    "mjml-section": {
      "version": "4.9.1",
      "resolved": "https://registry.npmjs.org/mjml-section/-/mjml-section-4.9.1.tgz",
      "integrity": "sha512-BsmyAebmIsxa11RUM7juNHWuPwWyqZFDU45ozKL1X1nfayy/S9YLWMAipsZvlM9WvarS5DvLQSeW6TOiZE2/WQ==",
      "requires": {
        "@babel/runtime": "^7.8.7",
        "lodash": "^4.17.15",
        "mjml-core": "4.9.1"
      }
    },
    "mjml-social": {
      "version": "4.9.1",
      "resolved": "https://registry.npmjs.org/mjml-social/-/mjml-social-4.9.1.tgz",
      "integrity": "sha512-RcNGXKRKvBWwO4uPN9OL4xMEAqjAx1zpplLWjaxS+q4ADjlQs+DKDQpAXQEMNGUcwQSAN40hTNt/eZWuwZOxsg==",
      "requires": {
        "@babel/runtime": "^7.8.7",
        "lodash": "^4.17.15",
        "mjml-core": "4.9.1"
      }
    },
    "mjml-spacer": {
      "version": "4.9.1",
      "resolved": "https://registry.npmjs.org/mjml-spacer/-/mjml-spacer-4.9.1.tgz",
      "integrity": "sha512-+Rabasldc5dqLuTE6LESIMSVsc1v2AiqVqWwYbV8kWHCVjbpITeUd9b9ouueW5XOXQsSQ0nabKjkk39F0BW+mw==",
      "requires": {
        "@babel/runtime": "^7.8.7",
        "lodash": "^4.17.15",
        "mjml-core": "4.9.1"
      }
    },
    "mjml-table": {
      "version": "4.9.1",
      "resolved": "https://registry.npmjs.org/mjml-table/-/mjml-table-4.9.1.tgz",
      "integrity": "sha512-u1oGV6gBqKG59vkXb86ziVEqFU5/GB5RvfCuqGw33HzZn4jvlnGlGPoUrQt/pY/xEEy0EhkbP+XhoNql5ZeO3g==",
      "requires": {
        "@babel/runtime": "^7.8.7",
        "lodash": "^4.17.15",
        "mjml-core": "4.9.1"
      }
    },
    "mjml-text": {
      "version": "4.9.1",
      "resolved": "https://registry.npmjs.org/mjml-text/-/mjml-text-4.9.1.tgz",
      "integrity": "sha512-0Hig1vU5tHXN+s5Scta/UoJQuVQI2GUPgUnrRoPoFC+ZX0XPHT7wRhHJMPYokrZ+RF3kpOSoQd/4UKyBs0yYDA==",
      "requires": {
        "@babel/runtime": "^7.8.7",
        "lodash": "^4.17.15",
        "mjml-core": "4.9.1"
      }
    },
    "mjml-validator": {
      "version": "4.9.1",
      "resolved": "https://registry.npmjs.org/mjml-validator/-/mjml-validator-4.9.1.tgz",
      "integrity": "sha512-DElsLG529ZcGGx6BcIi9UMV0LBKvrV/r1nWDlER1mG29rBaDfBtGKV1jR2Ipeu0/37rnd8ldS8Ici8cMNC8W0A==",
      "requires": {
        "@babel/runtime": "^7.8.7"
      }
    },
    "mjml-wrapper": {
      "version": "4.9.1",
      "resolved": "https://registry.npmjs.org/mjml-wrapper/-/mjml-wrapper-4.9.1.tgz",
      "integrity": "sha512-y2gL0eEsYjX+obNCyVrZORxcE6FNJ+OzljT+a7gFWsRRHvJR45o06+OmlWJDmY2TajHuF1rrO1d1LMMpRsz0Dw==",
      "requires": {
        "@babel/runtime": "^7.8.7",
        "lodash": "^4.17.15",
        "mjml-core": "4.9.1",
        "mjml-section": "4.9.1"
      }
    },
    "mkdirp": {
      "version": "1.0.4",
      "resolved": "https://registry.npmjs.org/mkdirp/-/mkdirp-1.0.4.tgz",
      "integrity": "sha512-vVqVZQyf3WLx2Shd0qJ9xuvqgAyKPLAiqITEtqW0oIUjzo3PePDd6fW9iFz30ef7Ysp/oiWqbhszeGWW2T6Gzw=="
    },
    "no-case": {
      "version": "2.3.2",
      "resolved": "https://registry.npmjs.org/no-case/-/no-case-2.3.2.tgz",
      "integrity": "sha512-rmTZ9kz+f3rCvK2TD1Ue/oZlns7OGoIWP4fc3llxxRXlOkHKoWPPWJOfFYpITabSow43QJbRIoHQXtt10VldyQ==",
      "requires": {
        "lower-case": "^1.1.1"
      }
    },
    "node-fetch": {
      "version": "2.6.1",
      "resolved": "https://registry.npmjs.org/node-fetch/-/node-fetch-2.6.1.tgz",
      "integrity": "sha512-V4aYg89jEoVRxRb2fJdAg8FHvI7cEyYdVAh94HH0UIK8oJxUfkjlDQN9RbMx+bEjP7+ggMiFRprSti032Oipxw=="
    },
    "nopt": {
      "version": "5.0.0",
      "resolved": "https://registry.npmjs.org/nopt/-/nopt-5.0.0.tgz",
      "integrity": "sha512-Tbj67rffqceeLpcRXrT7vKAN8CwfPeIBgM7E6iBkmKLV7bEMwpGgYLGv0jACUsECaa/vuxP0IjEont6umdMgtQ==",
      "requires": {
        "abbrev": "1"
      }
    },
    "normalize-path": {
      "version": "3.0.0",
      "resolved": "https://registry.npmjs.org/normalize-path/-/normalize-path-3.0.0.tgz",
      "integrity": "sha512-6eZs5Ls3WtCisHWp9S2GUy8dqkpGi4BVSz3GaqiE6ezub0512ESztXUwUB6C6IKbQkY2Pnb/mD4WYojCRwcwLA=="
    },
    "nth-check": {
      "version": "1.0.2",
      "resolved": "https://registry.npmjs.org/nth-check/-/nth-check-1.0.2.tgz",
      "integrity": "sha512-WeBOdju8SnzPN5vTUJYxYUxLeXpCaVP5i5e0LF8fg7WORF2Wd7wFX/pk0tYZk7s8T+J7VLy0Da6J1+wCT0AtHg==",
      "requires": {
        "boolbase": "~1.0.0"
      }
    },
    "once": {
      "version": "1.4.0",
      "resolved": "https://registry.npmjs.org/once/-/once-1.4.0.tgz",
      "integrity": "sha1-WDsap3WWHUsROsF9nFC6753Xa9E=",
      "requires": {
        "wrappy": "1"
      }
    },
    "param-case": {
      "version": "2.1.1",
      "resolved": "https://registry.npmjs.org/param-case/-/param-case-2.1.1.tgz",
      "integrity": "sha1-35T9jPZTHs915r75oIWPvHK+Ikc=",
      "requires": {
        "no-case": "^2.2.0"
      }
    },
    "parse5": {
      "version": "3.0.3",
      "resolved": "https://registry.npmjs.org/parse5/-/parse5-3.0.3.tgz",
      "integrity": "sha512-rgO9Zg5LLLkfJF9E6CCmXlSE4UVceloys8JrFqCcHloC3usd/kJCyPDwH2SOlzix2j3xaP9sUX3e8+kvkuleAA==",
      "requires": {
        "@types/node": "*"
      }
    },
    "path-is-absolute": {
      "version": "1.0.1",
      "resolved": "https://registry.npmjs.org/path-is-absolute/-/path-is-absolute-1.0.1.tgz",
      "integrity": "sha1-F0uSaHNVNP+8es5r9TpanhtcX18="
    },
    "picomatch": {
      "version": "2.2.3",
      "resolved": "https://registry.npmjs.org/picomatch/-/picomatch-2.2.3.tgz",
      "integrity": "sha512-KpELjfwcCDUb9PeigTs2mBJzXUPzAuP2oPcA989He8Rte0+YUAjw1JVedDhuTKPkHjSYzMN3npC9luThGYEKdg=="
    },
    "proto-list": {
      "version": "1.2.4",
      "resolved": "https://registry.npmjs.org/proto-list/-/proto-list-1.2.4.tgz",
      "integrity": "sha1-IS1b/hMYMGpCD2QCuOJv85ZHqEk="
    },
    "pseudomap": {
      "version": "1.0.2",
      "resolved": "https://registry.npmjs.org/pseudomap/-/pseudomap-1.0.2.tgz",
      "integrity": "sha1-8FKijacOYYkX7wqKw0wa5aaChrM="
    },
    "readable-stream": {
      "version": "3.6.0",
      "resolved": "https://registry.npmjs.org/readable-stream/-/readable-stream-3.6.0.tgz",
      "integrity": "sha512-BViHy7LKeTz4oNnkcLJ+lVSL6vpiFeX6/d3oSH8zCW7UxP2onchk+vTGB143xuFjHS3deTgkKoXXymXqymiIdA==",
      "requires": {
        "inherits": "^2.0.3",
        "string_decoder": "^1.1.1",
        "util-deprecate": "^1.0.1"
      }
    },
    "readdirp": {
      "version": "3.5.0",
      "resolved": "https://registry.npmjs.org/readdirp/-/readdirp-3.5.0.tgz",
      "integrity": "sha512-cMhu7c/8rdhkHXWsY+osBhfSy0JikwpHK/5+imo+LpeasTF8ouErHrlYkwT0++njiyuDvc7OFY5T3ukvZ8qmFQ==",
      "requires": {
        "picomatch": "^2.2.1"
      }
    },
    "regenerator-runtime": {
      "version": "0.13.7",
      "resolved": "https://registry.npmjs.org/regenerator-runtime/-/regenerator-runtime-0.13.7.tgz",
      "integrity": "sha512-a54FxoJDIr27pgf7IgeQGxmqUNYrcV338lf/6gH456HZ/PhX+5BcwHXG9ajESmwe6WRO0tAzRUrRmNONWgkrew=="
    },
    "relateurl": {
      "version": "0.2.7",
      "resolved": "https://registry.npmjs.org/relateurl/-/relateurl-0.2.7.tgz",
      "integrity": "sha1-VNvzd+UUQKypCkzSdGANP/LYiKk="
    },
    "require-directory": {
      "version": "2.1.1",
      "resolved": "https://registry.npmjs.org/require-directory/-/require-directory-2.1.1.tgz",
      "integrity": "sha1-jGStX9MNqxyXbiNE/+f3kqam30I="
    },
    "safe-buffer": {
      "version": "5.2.1",
      "resolved": "https://registry.npmjs.org/safe-buffer/-/safe-buffer-5.2.1.tgz",
      "integrity": "sha512-rp3So07KcdmmKbGvgaNxQSJr7bGVSVk5S9Eq1F+ppbRo70+YeaDxkw5Dd8NPN+GD6bjnYm2VuPuCXmpuYvmCXQ=="
    },
    "semver": {
      "version": "5.7.1",
      "resolved": "https://registry.npmjs.org/semver/-/semver-5.7.1.tgz",
      "integrity": "sha512-sauaDf/PZdVgrLTNYHRtpXa1iRiKcaebiKQ1BJdpQlWH2lCvexQdX55snPFyK7QzpudqbCI0qXFfOasHdyNDGQ=="
    },
    "sigmund": {
      "version": "1.0.1",
      "resolved": "https://registry.npmjs.org/sigmund/-/sigmund-1.0.1.tgz",
      "integrity": "sha1-P/IfGYytIXX587eBhT/ZTQ0ZtZA="
    },
    "slick": {
      "version": "1.12.2",
      "resolved": "https://registry.npmjs.org/slick/-/slick-1.12.2.tgz",
      "integrity": "sha1-vQSN23TefRymkV+qSldXCzVQwtc="
    },
    "source-map": {
      "version": "0.6.1",
      "resolved": "https://registry.npmjs.org/source-map/-/source-map-0.6.1.tgz",
      "integrity": "sha512-UjgapumWlbMhkBgzT7Ykc5YXUT46F0iKu8SGXq0bcwP5dz/h0Plj6enJqjz1Zbq2l5WaqYnrVbwWOWMyF3F47g=="
    },
    "string-width": {
      "version": "4.2.2",
      "resolved": "https://registry.npmjs.org/string-width/-/string-width-4.2.2.tgz",
      "integrity": "sha512-XBJbT3N4JhVumXE0eoLU9DCjcaF92KLNqTmFCnG1pf8duUxFGwtP6AD6nkjw9a3IdiRtL3E2w3JDiE/xi3vOeA==",
      "requires": {
        "emoji-regex": "^8.0.0",
        "is-fullwidth-code-point": "^3.0.0",
        "strip-ansi": "^6.0.0"
      }
    },
    "string_decoder": {
      "version": "1.3.0",
      "resolved": "https://registry.npmjs.org/string_decoder/-/string_decoder-1.3.0.tgz",
      "integrity": "sha512-hkRX8U1WjJFd8LsDJ2yQ/wWWxaopEsABU1XfkM8A+j0+85JAGppt16cr1Whg6KIbb4okU6Mql6BOj+uup/wKeA==",
      "requires": {
        "safe-buffer": "~5.2.0"
      }
    },
    "strip-ansi": {
      "version": "6.0.0",
      "resolved": "https://registry.npmjs.org/strip-ansi/-/strip-ansi-6.0.0.tgz",
      "integrity": "sha512-AuvKTrTfQNYNIctbR1K/YGTR1756GycPsg7b9bdV9Duqur4gv6aKqHXah67Z8ImS7WEz5QVcOtlfW2rZEugt6w==",
      "requires": {
        "ansi-regex": "^5.0.0"
      }
    },
    "to-regex-range": {
      "version": "5.0.1",
      "resolved": "https://registry.npmjs.org/to-regex-range/-/to-regex-range-5.0.1.tgz",
      "integrity": "sha512-65P7iz6X5yEr1cwcgvQxbbIw7Uk3gOy5dIdtZ4rDveLqhrdJP+Li/Hx6tyK0NEb+2GCyneCMJiGqrADCSNk8sQ==",
      "requires": {
        "is-number": "^7.0.0"
      }
    },
    "uglify-js": {
      "version": "3.13.7",
      "resolved": "https://registry.npmjs.org/uglify-js/-/uglify-js-3.13.7.tgz",
      "integrity": "sha512-1Psi2MmnZJbnEsgJJIlfnd7tFlJfitusmR7zDI8lXlFI0ACD4/Rm/xdrU8bh6zF0i74aiVoBtkRiFulkrmh3AA=="
    },
    "upper-case": {
      "version": "1.1.3",
      "resolved": "https://registry.npmjs.org/upper-case/-/upper-case-1.1.3.tgz",
      "integrity": "sha1-9rRQHC7EzdJrp4vnIilh3ndiFZg="
    },
    "util-deprecate": {
      "version": "1.0.2",
      "resolved": "https://registry.npmjs.org/util-deprecate/-/util-deprecate-1.0.2.tgz",
      "integrity": "sha1-RQ1Nyfpw3nMnYvvS1KKJgUGaDM8="
    },
    "valid-data-url": {
      "version": "3.0.1",
      "resolved": "https://registry.npmjs.org/valid-data-url/-/valid-data-url-3.0.1.tgz",
      "integrity": "sha512-jOWVmzVceKlVVdwjNSenT4PbGghU0SBIizAev8ofZVgivk/TVHXSbNL8LP6M3spZvkR9/QolkyJavGSX5Cs0UA=="
    },
    "web-resource-inliner": {
      "version": "5.0.0",
      "resolved": "https://registry.npmjs.org/web-resource-inliner/-/web-resource-inliner-5.0.0.tgz",
      "integrity": "sha512-AIihwH+ZmdHfkJm7BjSXiEClVt4zUFqX4YlFAzjL13wLtDuUneSaFvDBTbdYRecs35SiU7iNKbMnN+++wVfb6A==",
      "requires": {
        "ansi-colors": "^4.1.1",
        "escape-goat": "^3.0.0",
        "htmlparser2": "^4.0.0",
        "mime": "^2.4.6",
        "node-fetch": "^2.6.0",
        "valid-data-url": "^3.0.0"
      },
      "dependencies": {
        "dom-serializer": {
          "version": "1.3.2",
          "resolved": "https://registry.npmjs.org/dom-serializer/-/dom-serializer-1.3.2.tgz",
          "integrity": "sha512-5c54Bk5Dw4qAxNOI1pFEizPSjVsx5+bpJKmL2kPn8JhBUq2q09tTCa3mjijun2NfK78NMouDYNMBkOrPZiS+ig==",
          "requires": {
            "domelementtype": "^2.0.1",
            "domhandler": "^4.2.0",
            "entities": "^2.0.0"
          },
          "dependencies": {
            "domhandler": {
              "version": "4.2.0",
              "resolved": "https://registry.npmjs.org/domhandler/-/domhandler-4.2.0.tgz",
              "integrity": "sha512-zk7sgt970kzPks2Bf+dwT/PLzghLnsivb9CcxkvR8Mzr66Olr0Ofd8neSbglHJHaHa2MadfoSdNlKYAaafmWfA==",
              "requires": {
                "domelementtype": "^2.2.0"
              }
            }
          }
        },
        "domelementtype": {
          "version": "2.2.0",
          "resolved": "https://registry.npmjs.org/domelementtype/-/domelementtype-2.2.0.tgz",
          "integrity": "sha512-DtBMo82pv1dFtUmHyr48beiuq792Sxohr+8Hm9zoxklYPfa6n0Z3Byjj2IV7bmr2IyqClnqEQhfgHJJ5QF0R5A=="
        },
        "domhandler": {
          "version": "3.3.0",
          "resolved": "https://registry.npmjs.org/domhandler/-/domhandler-3.3.0.tgz",
          "integrity": "sha512-J1C5rIANUbuYK+FuFL98650rihynUOEzRLxW+90bKZRWB6A1X1Tf82GxR1qAWLyfNPRvjqfip3Q5tdYlmAa9lA==",
          "requires": {
            "domelementtype": "^2.0.1"
          }
        },
        "domutils": {
          "version": "2.6.0",
          "resolved": "https://registry.npmjs.org/domutils/-/domutils-2.6.0.tgz",
          "integrity": "sha512-y0BezHuy4MDYxh6OvolXYsH+1EMGmFbwv5FKW7ovwMG6zTPWqNPq3WF9ayZssFq+UlKdffGLbOEaghNdaOm1WA==",
          "requires": {
            "dom-serializer": "^1.0.1",
            "domelementtype": "^2.2.0",
            "domhandler": "^4.2.0"
          },
          "dependencies": {
            "domhandler": {
              "version": "4.2.0",
              "resolved": "https://registry.npmjs.org/domhandler/-/domhandler-4.2.0.tgz",
              "integrity": "sha512-zk7sgt970kzPks2Bf+dwT/PLzghLnsivb9CcxkvR8Mzr66Olr0Ofd8neSbglHJHaHa2MadfoSdNlKYAaafmWfA==",
              "requires": {
                "domelementtype": "^2.2.0"
              }
            }
          }
        },
        "entities": {
          "version": "2.2.0",
          "resolved": "https://registry.npmjs.org/entities/-/entities-2.2.0.tgz",
          "integrity": "sha512-p92if5Nz619I0w+akJrLZH0MX0Pb5DX39XOwQTtXSdQQOaYH03S1uIQp4mhOZtAXrxq4ViO67YTiLBo2638o9A=="
        },
        "htmlparser2": {
          "version": "4.1.0",
          "resolved": "https://registry.npmjs.org/htmlparser2/-/htmlparser2-4.1.0.tgz",
          "integrity": "sha512-4zDq1a1zhE4gQso/c5LP1OtrhYTncXNSpvJYtWJBtXAETPlMfi3IFNjGuQbYLuVY4ZR0QMqRVvo4Pdy9KLyP8Q==",
          "requires": {
            "domelementtype": "^2.0.1",
            "domhandler": "^3.0.0",
            "domutils": "^2.0.0",
            "entities": "^2.0.0"
          }
        }
      }
    },
    "wrap-ansi": {
      "version": "7.0.0",
      "resolved": "https://registry.npmjs.org/wrap-ansi/-/wrap-ansi-7.0.0.tgz",
      "integrity": "sha512-YVGIj2kamLSTxw6NsZjoBxfSwsn0ycdesmc4p+Q21c5zPuZ1pl+NfxVdxPtdHvmNVOQ6XSYG4AUtyt/Fi7D16Q==",
      "requires": {
        "ansi-styles": "^4.0.0",
        "string-width": "^4.1.0",
        "strip-ansi": "^6.0.0"
      }
    },
    "wrappy": {
      "version": "1.0.2",
      "resolved": "https://registry.npmjs.org/wrappy/-/wrappy-1.0.2.tgz",
      "integrity": "sha1-tSQ9jz7BqjXxNkYFvA0QNuMKtp8="
    },
    "y18n": {
      "version": "5.0.8",
      "resolved": "https://registry.npmjs.org/y18n/-/y18n-5.0.8.tgz",
      "integrity": "sha512-0pfFzegeDWJHJIAmTLRP2DwHjdF5s7jo9tuztdQxAhINCdvS+3nGINqPd00AphqJR/0LhANUS6/+7SCb98YOfA=="
    },
    "yallist": {
      "version": "2.1.2",
      "resolved": "https://registry.npmjs.org/yallist/-/yallist-2.1.2.tgz",
      "integrity": "sha1-HBH5IY8HYImkfdUS+TxmmaaoHVI="
    },
    "yargs": {
      "version": "16.2.0",
      "resolved": "https://registry.npmjs.org/yargs/-/yargs-16.2.0.tgz",
      "integrity": "sha512-D1mvvtDG0L5ft/jGWkLpG1+m0eQxOfaBvTNELraWj22wSVUMWxZUvYgJYcKh6jGGIkJFhH4IZPQhR4TKpc8mBw==",
      "requires": {
        "cliui": "^7.0.2",
        "escalade": "^3.1.1",
        "get-caller-file": "^2.0.5",
        "require-directory": "^2.1.1",
        "string-width": "^4.2.0",
        "y18n": "^5.0.5",
        "yargs-parser": "^20.2.2"
      }
    },
    "yargs-parser": {
      "version": "20.2.7",
      "resolved": "https://registry.npmjs.org/yargs-parser/-/yargs-parser-20.2.7.tgz",
      "integrity": "sha512-FiNkvbeHzB/syOjIUxFDCnhSfzAL8R5vs40MgLFBorXACCOAEaWu0gRZl14vG8MR9AOJIZbmkjhusqBYZ3HTHw=="
    }
  }
}
